// !$*UTF8*$!
{
	archiveVersion = 1;
	classes = {
	};
	objectVersion = 46;
	objects = {

/* Begin PBXBuildFile section */
		5A0986D4190FDD86006E8CB4 /* Crashlytics.framework in Frameworks */ = {isa = PBXBuildFile; fileRef = 5A0986D3190FDD86006E8CB4 /* Crashlytics.framework */; };
		5A0BA32A1919612F0048E790 /* TestIncidentsViewModel.m in Sources */ = {isa = PBXBuildFile; fileRef = 5A0BA3291919612F0048E790 /* TestIncidentsViewModel.m */; };
		5A0BA33F191A62610048E790 /* TestIncidentViewModel.m in Sources */ = {isa = PBXBuildFile; fileRef = 5A0BA33E191A62610048E790 /* TestIncidentViewModel.m */; };
		5A844C4319010AEC00F9F4B9 /* Foundation.framework in Frameworks */ = {isa = PBXBuildFile; fileRef = 5A844C4219010AEC00F9F4B9 /* Foundation.framework */; };
		5A844C4519010AEC00F9F4B9 /* CoreGraphics.framework in Frameworks */ = {isa = PBXBuildFile; fileRef = 5A844C4419010AEC00F9F4B9 /* CoreGraphics.framework */; };
		5A844C4719010AEC00F9F4B9 /* UIKit.framework in Frameworks */ = {isa = PBXBuildFile; fileRef = 5A844C4619010AEC00F9F4B9 /* UIKit.framework */; };
		5A844C4D19010AEC00F9F4B9 /* InfoPlist.strings in Resources */ = {isa = PBXBuildFile; fileRef = 5A844C4B19010AEC00F9F4B9 /* InfoPlist.strings */; };
		5A844C4F19010AEC00F9F4B9 /* main.m in Sources */ = {isa = PBXBuildFile; fileRef = 5A844C4E19010AEC00F9F4B9 /* main.m */; };
		5A844C5319010AEC00F9F4B9 /* TORAppDelegate.m in Sources */ = {isa = PBXBuildFile; fileRef = 5A844C5219010AEC00F9F4B9 /* TORAppDelegate.m */; };
		5A844C6219010AEC00F9F4B9 /* XCTest.framework in Frameworks */ = {isa = PBXBuildFile; fileRef = 5A844C6119010AEC00F9F4B9 /* XCTest.framework */; };
		5A844C6319010AEC00F9F4B9 /* Foundation.framework in Frameworks */ = {isa = PBXBuildFile; fileRef = 5A844C4219010AEC00F9F4B9 /* Foundation.framework */; };
		5A844C6419010AEC00F9F4B9 /* UIKit.framework in Frameworks */ = {isa = PBXBuildFile; fileRef = 5A844C4619010AEC00F9F4B9 /* UIKit.framework */; };
		5A844C6C19010AEC00F9F4B9 /* InfoPlist.strings in Resources */ = {isa = PBXBuildFile; fileRef = 5A844C6A19010AEC00F9F4B9 /* InfoPlist.strings */; };
		5A844C7D19010C6500F9F4B9 /* Main.storyboard in Resources */ = {isa = PBXBuildFile; fileRef = 5A844C7819010C6500F9F4B9 /* Main.storyboard */; };
		5A844C7E19010C6500F9F4B9 /* TORIncidentsViewController.m in Sources */ = {isa = PBXBuildFile; fileRef = 5A844C7C19010C6500F9F4B9 /* TORIncidentsViewController.m */; };
		5A844C8119010C8A00F9F4B9 /* Images.xcassets in Resources */ = {isa = PBXBuildFile; fileRef = 5A844C8019010C8A00F9F4B9 /* Images.xcassets */; };
		5A844C851901176300F9F4B9 /* TORIncident.m in Sources */ = {isa = PBXBuildFile; fileRef = 5A844C841901176300F9F4B9 /* TORIncident.m */; };
		5A9E09D419012CC6009B450A /* TORIncidentCell.m in Sources */ = {isa = PBXBuildFile; fileRef = 5A9E09D319012CC6009B450A /* TORIncidentCell.m */; };
		5A9E09D919019F87009B450A /* TORIncidentViewController.m in Sources */ = {isa = PBXBuildFile; fileRef = 5A9E09D819019F87009B450A /* TORIncidentViewController.m */; };
		5A9E09DE1901ADA1009B450A /* Localizable.strings in Resources */ = {isa = PBXBuildFile; fileRef = 5A9E09E01901ADA1009B450A /* Localizable.strings */; };
		5A9E09E71903F621009B450A /* TORIncidentsViewModel.m in Sources */ = {isa = PBXBuildFile; fileRef = 5A9E09E61903F621009B450A /* TORIncidentsViewModel.m */; };
		5A9E09EA190400E1009B450A /* TORIncidentViewModel.m in Sources */ = {isa = PBXBuildFile; fileRef = 5A9E09E9190400E1009B450A /* TORIncidentViewModel.m */; };
		E57D8144E1DA41BD856B6694 /* libPods-TotalRecallTests.a in Frameworks */ = {isa = PBXBuildFile; fileRef = D3DBB760FAC84F52BC7BB90B /* libPods-TotalRecallTests.a */; };
		F1C213EF30024074A7B7AB01 /* libPods-TotalRecall.a in Frameworks */ = {isa = PBXBuildFile; fileRef = D4A86F021E4B4F3591CC85B1 /* libPods-TotalRecall.a */; };
/* End PBXBuildFile section */

/* Begin PBXContainerItemProxy section */
		5A844C6519010AEC00F9F4B9 /* PBXContainerItemProxy */ = {
			isa = PBXContainerItemProxy;
			containerPortal = 5A844C3719010AEC00F9F4B9 /* Project object */;
			proxyType = 1;
			remoteGlobalIDString = 5A844C3E19010AEC00F9F4B9;
			remoteInfo = TotalRecall;
		};
/* End PBXContainerItemProxy section */

/* Begin PBXFileReference section */
		3CB529FC0DCBD3882536BF31 /* Pods-TotalRecall.debug.xcconfig */ = {isa = PBXFileReference; includeInIndex = 1; lastKnownFileType = text.xcconfig; name = "Pods-TotalRecall.debug.xcconfig"; path = "Pods/Target Support Files/Pods-TotalRecall/Pods-TotalRecall.debug.xcconfig"; sourceTree = "<group>"; };
		5A0986D3190FDD86006E8CB4 /* Crashlytics.framework */ = {isa = PBXFileReference; lastKnownFileType = wrapper.framework; path = Crashlytics.framework; sourceTree = "<group>"; };
		5A0BA3291919612F0048E790 /* TestIncidentsViewModel.m */ = {isa = PBXFileReference; fileEncoding = 4; lastKnownFileType = sourcecode.c.objc; path = TestIncidentsViewModel.m; sourceTree = "<group>"; };
		5A0BA33E191A62610048E790 /* TestIncidentViewModel.m */ = {isa = PBXFileReference; fileEncoding = 4; lastKnownFileType = sourcecode.c.objc; path = TestIncidentViewModel.m; sourceTree = "<group>"; };
		5A844C3F19010AEC00F9F4B9 /* TotalRecall.app */ = {isa = PBXFileReference; explicitFileType = wrapper.application; includeInIndex = 0; path = TotalRecall.app; sourceTree = BUILT_PRODUCTS_DIR; };
		5A844C4219010AEC00F9F4B9 /* Foundation.framework */ = {isa = PBXFileReference; lastKnownFileType = wrapper.framework; name = Foundation.framework; path = System/Library/Frameworks/Foundation.framework; sourceTree = SDKROOT; };
		5A844C4419010AEC00F9F4B9 /* CoreGraphics.framework */ = {isa = PBXFileReference; lastKnownFileType = wrapper.framework; name = CoreGraphics.framework; path = System/Library/Frameworks/CoreGraphics.framework; sourceTree = SDKROOT; };
		5A844C4619010AEC00F9F4B9 /* UIKit.framework */ = {isa = PBXFileReference; lastKnownFileType = wrapper.framework; name = UIKit.framework; path = System/Library/Frameworks/UIKit.framework; sourceTree = SDKROOT; };
		5A844C4A19010AEC00F9F4B9 /* TotalRecall-Info.plist */ = {isa = PBXFileReference; lastKnownFileType = text.plist.xml; path = "TotalRecall-Info.plist"; sourceTree = "<group>"; };
		5A844C4E19010AEC00F9F4B9 /* main.m */ = {isa = PBXFileReference; lastKnownFileType = sourcecode.c.objc; path = main.m; sourceTree = "<group>"; };
		5A844C5019010AEC00F9F4B9 /* TotalRecall-Prefix.pch */ = {isa = PBXFileReference; lastKnownFileType = sourcecode.c.h; path = "TotalRecall-Prefix.pch"; sourceTree = "<group>"; };
		5A844C5119010AEC00F9F4B9 /* TORAppDelegate.h */ = {isa = PBXFileReference; lastKnownFileType = sourcecode.c.h; path = TORAppDelegate.h; sourceTree = "<group>"; };
		5A844C5219010AEC00F9F4B9 /* TORAppDelegate.m */ = {isa = PBXFileReference; lastKnownFileType = sourcecode.c.objc; path = TORAppDelegate.m; sourceTree = "<group>"; };
		5A844C6019010AEC00F9F4B9 /* TotalRecallTests.xctest */ = {isa = PBXFileReference; explicitFileType = wrapper.cfbundle; includeInIndex = 0; path = TotalRecallTests.xctest; sourceTree = BUILT_PRODUCTS_DIR; };
		5A844C6119010AEC00F9F4B9 /* XCTest.framework */ = {isa = PBXFileReference; lastKnownFileType = wrapper.framework; name = XCTest.framework; path = Library/Frameworks/XCTest.framework; sourceTree = DEVELOPER_DIR; };
		5A844C6919010AEC00F9F4B9 /* TotalRecallTests-Info.plist */ = {isa = PBXFileReference; lastKnownFileType = text.plist.xml; path = "TotalRecallTests-Info.plist"; sourceTree = "<group>"; };
		5A844C7919010C6500F9F4B9 /* Base */ = {isa = PBXFileReference; lastKnownFileType = file.storyboard; name = Base; path = Base.lproj/Main.storyboard; sourceTree = "<group>"; };
		5A844C7B19010C6500F9F4B9 /* TORIncidentsViewController.h */ = {isa = PBXFileReference; fileEncoding = 4; lastKnownFileType = sourcecode.c.h; path = TORIncidentsViewController.h; sourceTree = "<group>"; };
		5A844C7C19010C6500F9F4B9 /* TORIncidentsViewController.m */ = {isa = PBXFileReference; fileEncoding = 4; lastKnownFileType = sourcecode.c.objc; path = TORIncidentsViewController.m; sourceTree = "<group>"; };
		5A844C8019010C8A00F9F4B9 /* Images.xcassets */ = {isa = PBXFileReference; lastKnownFileType = folder.assetcatalog; path = Images.xcassets; sourceTree = "<group>"; };
		5A844C831901176300F9F4B9 /* TORIncident.h */ = {isa = PBXFileReference; fileEncoding = 4; lastKnownFileType = sourcecode.c.h; path = TORIncident.h; sourceTree = "<group>"; };
		5A844C841901176300F9F4B9 /* TORIncident.m */ = {isa = PBXFileReference; fileEncoding = 4; lastKnownFileType = sourcecode.c.objc; path = TORIncident.m; sourceTree = "<group>"; };
		5A9E09D219012CC6009B450A /* TORIncidentCell.h */ = {isa = PBXFileReference; fileEncoding = 4; lastKnownFileType = sourcecode.c.h; path = TORIncidentCell.h; sourceTree = "<group>"; };
		5A9E09D319012CC6009B450A /* TORIncidentCell.m */ = {isa = PBXFileReference; fileEncoding = 4; lastKnownFileType = sourcecode.c.objc; path = TORIncidentCell.m; sourceTree = "<group>"; };
		5A9E09D719019F87009B450A /* TORIncidentViewController.h */ = {isa = PBXFileReference; fileEncoding = 4; lastKnownFileType = sourcecode.c.h; path = TORIncidentViewController.h; sourceTree = "<group>"; };
		5A9E09D819019F87009B450A /* TORIncidentViewController.m */ = {isa = PBXFileReference; fileEncoding = 4; lastKnownFileType = sourcecode.c.objc; path = TORIncidentViewController.m; sourceTree = "<group>"; };
		5A9E09DC1901AD94009B450A /* da */ = {isa = PBXFileReference; lastKnownFileType = text.plist.strings; name = da; path = da.lproj/InfoPlist.strings; sourceTree = "<group>"; };
		5A9E09DD1901AD94009B450A /* da */ = {isa = PBXFileReference; lastKnownFileType = text.plist.strings; name = da; path = da.lproj/InfoPlist.strings; sourceTree = "<group>"; };
		5A9E09DF1901ADA1009B450A /* da */ = {isa = PBXFileReference; lastKnownFileType = text.plist.strings; name = da; path = da.lproj/Localizable.strings; sourceTree = "<group>"; };
		5A9E09E51903F621009B450A /* TORIncidentsViewModel.h */ = {isa = PBXFileReference; fileEncoding = 4; lastKnownFileType = sourcecode.c.h; path = TORIncidentsViewModel.h; sourceTree = "<group>"; };
		5A9E09E61903F621009B450A /* TORIncidentsViewModel.m */ = {isa = PBXFileReference; fileEncoding = 4; lastKnownFileType = sourcecode.c.objc; path = TORIncidentsViewModel.m; sourceTree = "<group>"; };
		5A9E09E8190400E1009B450A /* TORIncidentViewModel.h */ = {isa = PBXFileReference; fileEncoding = 4; lastKnownFileType = sourcecode.c.h; path = TORIncidentViewModel.h; sourceTree = "<group>"; };
		5A9E09E9190400E1009B450A /* TORIncidentViewModel.m */ = {isa = PBXFileReference; fileEncoding = 4; lastKnownFileType = sourcecode.c.objc; path = TORIncidentViewModel.m; sourceTree = "<group>"; };
		5A9E09EE19040BA1009B450A /* Base */ = {isa = PBXFileReference; lastKnownFileType = text.plist.strings; name = Base; path = Base.lproj/Localizable.strings; sourceTree = "<group>"; };
		5AFD5BB8190BA1CC0058B4DC /* Base */ = {isa = PBXFileReference; lastKnownFileType = text.plist.strings; name = Base; path = Base.lproj/InfoPlist.strings; sourceTree = "<group>"; };
		973746643553015855CD443A /* Pods-TotalRecallTests.debug.xcconfig */ = {isa = PBXFileReference; includeInIndex = 1; lastKnownFileType = text.xcconfig; name = "Pods-TotalRecallTests.debug.xcconfig"; path = "Pods/Target Support Files/Pods-TotalRecallTests/Pods-TotalRecallTests.debug.xcconfig"; sourceTree = "<group>"; };
		C894B543A01BCA306120B4EA /* Pods-TotalRecallTests.release.xcconfig */ = {isa = PBXFileReference; includeInIndex = 1; lastKnownFileType = text.xcconfig; name = "Pods-TotalRecallTests.release.xcconfig"; path = "Pods/Target Support Files/Pods-TotalRecallTests/Pods-TotalRecallTests.release.xcconfig"; sourceTree = "<group>"; };
		D3DBB760FAC84F52BC7BB90B /* libPods-TotalRecallTests.a */ = {isa = PBXFileReference; explicitFileType = archive.ar; includeInIndex = 0; path = "libPods-TotalRecallTests.a"; sourceTree = BUILT_PRODUCTS_DIR; };
		D4A86F021E4B4F3591CC85B1 /* libPods-TotalRecall.a */ = {isa = PBXFileReference; explicitFileType = archive.ar; includeInIndex = 0; path = "libPods-TotalRecall.a"; sourceTree = BUILT_PRODUCTS_DIR; };
		E95061E02B8B2A80DF36ED94 /* Pods-TotalRecall.release.xcconfig */ = {isa = PBXFileReference; includeInIndex = 1; lastKnownFileType = text.xcconfig; name = "Pods-TotalRecall.release.xcconfig"; path = "Pods/Target Support Files/Pods-TotalRecall/Pods-TotalRecall.release.xcconfig"; sourceTree = "<group>"; };
/* End PBXFileReference section */

/* Begin PBXFrameworksBuildPhase section */
		5A844C3C19010AEC00F9F4B9 /* Frameworks */ = {
			isa = PBXFrameworksBuildPhase;
			buildActionMask = 2147483647;
			files = (
				5A844C4519010AEC00F9F4B9 /* CoreGraphics.framework in Frameworks */,
				5A0986D4190FDD86006E8CB4 /* Crashlytics.framework in Frameworks */,
				5A844C4719010AEC00F9F4B9 /* UIKit.framework in Frameworks */,
				5A844C4319010AEC00F9F4B9 /* Foundation.framework in Frameworks */,
				F1C213EF30024074A7B7AB01 /* libPods-TotalRecall.a in Frameworks */,
			);
			runOnlyForDeploymentPostprocessing = 0;
		};
		5A844C5D19010AEC00F9F4B9 /* Frameworks */ = {
			isa = PBXFrameworksBuildPhase;
			buildActionMask = 2147483647;
			files = (
				5A844C6219010AEC00F9F4B9 /* XCTest.framework in Frameworks */,
				5A844C6419010AEC00F9F4B9 /* UIKit.framework in Frameworks */,
				5A844C6319010AEC00F9F4B9 /* Foundation.framework in Frameworks */,
				E57D8144E1DA41BD856B6694 /* libPods-TotalRecallTests.a in Frameworks */,
			);
			runOnlyForDeploymentPostprocessing = 0;
		};
/* End PBXFrameworksBuildPhase section */

/* Begin PBXGroup section */
		294032D61041904392B41FEA /* Pods */ = {
			isa = PBXGroup;
			children = (
				3CB529FC0DCBD3882536BF31 /* Pods-TotalRecall.debug.xcconfig */,
				E95061E02B8B2A80DF36ED94 /* Pods-TotalRecall.release.xcconfig */,
				973746643553015855CD443A /* Pods-TotalRecallTests.debug.xcconfig */,
				C894B543A01BCA306120B4EA /* Pods-TotalRecallTests.release.xcconfig */,
			);
			name = Pods;
			sourceTree = "<group>";
		};
		5A844C3619010AEC00F9F4B9 = {
			isa = PBXGroup;
			children = (
				5A844C4819010AEC00F9F4B9 /* TotalRecall */,
				5A844C6719010AEC00F9F4B9 /* TotalRecallTests */,
				5A844C4119010AEC00F9F4B9 /* Frameworks */,
				5A844C4019010AEC00F9F4B9 /* Products */,
				294032D61041904392B41FEA /* Pods */,
			);
			sourceTree = "<group>";
		};
		5A844C4019010AEC00F9F4B9 /* Products */ = {
			isa = PBXGroup;
			children = (
				5A844C3F19010AEC00F9F4B9 /* TotalRecall.app */,
				5A844C6019010AEC00F9F4B9 /* TotalRecallTests.xctest */,
			);
			name = Products;
			sourceTree = "<group>";
		};
		5A844C4119010AEC00F9F4B9 /* Frameworks */ = {
			isa = PBXGroup;
			children = (
				5A0986D3190FDD86006E8CB4 /* Crashlytics.framework */,
				5A844C4219010AEC00F9F4B9 /* Foundation.framework */,
				5A844C4419010AEC00F9F4B9 /* CoreGraphics.framework */,
				5A844C4619010AEC00F9F4B9 /* UIKit.framework */,
				5A844C6119010AEC00F9F4B9 /* XCTest.framework */,
				D4A86F021E4B4F3591CC85B1 /* libPods-TotalRecall.a */,
				D3DBB760FAC84F52BC7BB90B /* libPods-TotalRecallTests.a */,
			);
			name = Frameworks;
			sourceTree = "<group>";
		};
		5A844C4819010AEC00F9F4B9 /* TotalRecall */ = {
			isa = PBXGroup;
			children = (
				5A844C821901174C00F9F4B9 /* Models */,
				5A844C7F19010C8A00F9F4B9 /* Resources */,
				5A844C4919010AEC00F9F4B9 /* Supporting Files */,
				5A844C7A19010C6500F9F4B9 /* ViewControllers */,
				5A9E09E41903F5F9009B450A /* ViewModels */,
				5A844C7719010C6500F9F4B9 /* Views */,
				5A844C5119010AEC00F9F4B9 /* TORAppDelegate.h */,
				5A844C5219010AEC00F9F4B9 /* TORAppDelegate.m */,
			);
			path = TotalRecall;
			sourceTree = "<group>";
		};
		5A844C4919010AEC00F9F4B9 /* Supporting Files */ = {
			isa = PBXGroup;
			children = (
				5A844C4A19010AEC00F9F4B9 /* TotalRecall-Info.plist */,
				5A844C4B19010AEC00F9F4B9 /* InfoPlist.strings */,
				5A844C4E19010AEC00F9F4B9 /* main.m */,
				5A844C5019010AEC00F9F4B9 /* TotalRecall-Prefix.pch */,
			);
			name = "Supporting Files";
			sourceTree = "<group>";
		};
		5A844C6719010AEC00F9F4B9 /* TotalRecallTests */ = {
			isa = PBXGroup;
			children = (
				5A844C6819010AEC00F9F4B9 /* Supporting Files */,
				5A0BA3291919612F0048E790 /* TestIncidentsViewModel.m */,
				5A0BA33E191A62610048E790 /* TestIncidentViewModel.m */,
			);
			path = TotalRecallTests;
			sourceTree = "<group>";
		};
		5A844C6819010AEC00F9F4B9 /* Supporting Files */ = {
			isa = PBXGroup;
			children = (
				5A844C6919010AEC00F9F4B9 /* TotalRecallTests-Info.plist */,
				5A844C6A19010AEC00F9F4B9 /* InfoPlist.strings */,
			);
			name = "Supporting Files";
			sourceTree = "<group>";
		};
		5A844C7719010C6500F9F4B9 /* Views */ = {
			isa = PBXGroup;
			children = (
				5A9E09D119012C98009B450A /* Cells */,
				5A844C7819010C6500F9F4B9 /* Main.storyboard */,
			);
			path = Views;
			sourceTree = "<group>";
		};
		5A844C7A19010C6500F9F4B9 /* ViewControllers */ = {
			isa = PBXGroup;
			children = (
				5A844C7B19010C6500F9F4B9 /* TORIncidentsViewController.h */,
				5A844C7C19010C6500F9F4B9 /* TORIncidentsViewController.m */,
				5A9E09D719019F87009B450A /* TORIncidentViewController.h */,
				5A9E09D819019F87009B450A /* TORIncidentViewController.m */,
			);
			path = ViewControllers;
			sourceTree = "<group>";
		};
		5A844C7F19010C8A00F9F4B9 /* Resources */ = {
			isa = PBXGroup;
			children = (
				5A844C8019010C8A00F9F4B9 /* Images.xcassets */,
				5A9E09E01901ADA1009B450A /* Localizable.strings */,
			);
			path = Resources;
			sourceTree = "<group>";
		};
		5A844C821901174C00F9F4B9 /* Models */ = {
			isa = PBXGroup;
			children = (
				5A844C831901176300F9F4B9 /* TORIncident.h */,
				5A844C841901176300F9F4B9 /* TORIncident.m */,
			);
			path = Models;
			sourceTree = "<group>";
		};
		5A9E09D119012C98009B450A /* Cells */ = {
			isa = PBXGroup;
			children = (
				5A9E09D219012CC6009B450A /* TORIncidentCell.h */,
				5A9E09D319012CC6009B450A /* TORIncidentCell.m */,
			);
			path = Cells;
			sourceTree = "<group>";
		};
		5A9E09E41903F5F9009B450A /* ViewModels */ = {
			isa = PBXGroup;
			children = (
				5A9E09E51903F621009B450A /* TORIncidentsViewModel.h */,
				5A9E09E61903F621009B450A /* TORIncidentsViewModel.m */,
				5A9E09E8190400E1009B450A /* TORIncidentViewModel.h */,
				5A9E09E9190400E1009B450A /* TORIncidentViewModel.m */,
			);
			path = ViewModels;
			sourceTree = "<group>";
		};
/* End PBXGroup section */

/* Begin PBXNativeTarget section */
		5A844C3E19010AEC00F9F4B9 /* TotalRecall */ = {
			isa = PBXNativeTarget;
			buildConfigurationList = 5A844C7119010AEC00F9F4B9 /* Build configuration list for PBXNativeTarget "TotalRecall" */;
			buildPhases = (
				DFE60A53099548538DAC95B9 /* Check Pods Manifest.lock */,
				5A844C3B19010AEC00F9F4B9 /* Sources */,
				5A844C3C19010AEC00F9F4B9 /* Frameworks */,
				5A844C3D19010AEC00F9F4B9 /* Resources */,
				A23D242623C84FF2B30502E5 /* Copy Pods Resources */,
				5A0986D2190FDD5C006E8CB4 /* ShellScript */,
			);
			buildRules = (
			);
			dependencies = (
			);
			name = TotalRecall;
			productName = TotalRecall;
			productReference = 5A844C3F19010AEC00F9F4B9 /* TotalRecall.app */;
			productType = "com.apple.product-type.application";
		};
		5A844C5F19010AEC00F9F4B9 /* TotalRecallTests */ = {
			isa = PBXNativeTarget;
			buildConfigurationList = 5A844C7419010AEC00F9F4B9 /* Build configuration list for PBXNativeTarget "TotalRecallTests" */;
			buildPhases = (
				53C703A130A74B8089B44F6D /* Check Pods Manifest.lock */,
				5A844C5C19010AEC00F9F4B9 /* Sources */,
				5A844C5D19010AEC00F9F4B9 /* Frameworks */,
				5A844C5E19010AEC00F9F4B9 /* Resources */,
				37ED98150497482FAF31500E /* Copy Pods Resources */,
			);
			buildRules = (
			);
			dependencies = (
				5A844C6619010AEC00F9F4B9 /* PBXTargetDependency */,
			);
			name = TotalRecallTests;
			productName = TotalRecallTests;
			productReference = 5A844C6019010AEC00F9F4B9 /* TotalRecallTests.xctest */;
			productType = "com.apple.product-type.bundle.unit-test";
		};
/* End PBXNativeTarget section */

/* Begin PBXProject section */
		5A844C3719010AEC00F9F4B9 /* Project object */ = {
			isa = PBXProject;
			attributes = {
				CLASSPREFIX = TOR;
				LastUpgradeCheck = 0510;
				ORGANIZATIONNAME = "Morten Bøgh";
				TargetAttributes = {
					5A844C3E19010AEC00F9F4B9 = {
						DevelopmentTeam = 6Y3N739X56;
					};
					5A844C5F19010AEC00F9F4B9 = {
						TestTargetID = 5A844C3E19010AEC00F9F4B9;
					};
				};
			};
			buildConfigurationList = 5A844C3A19010AEC00F9F4B9 /* Build configuration list for PBXProject "TotalRecall" */;
			compatibilityVersion = "Xcode 3.2";
			developmentRegion = English;
			hasScannedForEncodings = 0;
			knownRegions = (
				Base,
				da,
			);
			mainGroup = 5A844C3619010AEC00F9F4B9;
			productRefGroup = 5A844C4019010AEC00F9F4B9 /* Products */;
			projectDirPath = "";
			projectRoot = "";
			targets = (
				5A844C3E19010AEC00F9F4B9 /* TotalRecall */,
				5A844C5F19010AEC00F9F4B9 /* TotalRecallTests */,
			);
		};
/* End PBXProject section */

/* Begin PBXResourcesBuildPhase section */
		5A844C3D19010AEC00F9F4B9 /* Resources */ = {
			isa = PBXResourcesBuildPhase;
			buildActionMask = 2147483647;
			files = (
				5A9E09DE1901ADA1009B450A /* Localizable.strings in Resources */,
				5A844C8119010C8A00F9F4B9 /* Images.xcassets in Resources */,
				5A844C7D19010C6500F9F4B9 /* Main.storyboard in Resources */,
				5A844C4D19010AEC00F9F4B9 /* InfoPlist.strings in Resources */,
			);
			runOnlyForDeploymentPostprocessing = 0;
		};
		5A844C5E19010AEC00F9F4B9 /* Resources */ = {
			isa = PBXResourcesBuildPhase;
			buildActionMask = 2147483647;
			files = (
				5A844C6C19010AEC00F9F4B9 /* InfoPlist.strings in Resources */,
			);
			runOnlyForDeploymentPostprocessing = 0;
		};
/* End PBXResourcesBuildPhase section */

/* Begin PBXShellScriptBuildPhase section */
		37ED98150497482FAF31500E /* Copy Pods Resources */ = {
			isa = PBXShellScriptBuildPhase;
			buildActionMask = 2147483647;
			files = (
			);
			inputPaths = (
			);
			name = "Copy Pods Resources";
			outputPaths = (
			);
			runOnlyForDeploymentPostprocessing = 0;
			shellPath = /bin/sh;
			shellScript = "\"${SRCROOT}/Pods/Target Support Files/Pods-TotalRecallTests/Pods-TotalRecallTests-resources.sh\"\n";
			showEnvVarsInLog = 0;
		};
		53C703A130A74B8089B44F6D /* Check Pods Manifest.lock */ = {
			isa = PBXShellScriptBuildPhase;
			buildActionMask = 2147483647;
			files = (
			);
			inputPaths = (
			);
			name = "Check Pods Manifest.lock";
			outputPaths = (
			);
			runOnlyForDeploymentPostprocessing = 0;
			shellPath = /bin/sh;
			shellScript = "diff \"${PODS_ROOT}/../Podfile.lock\" \"${PODS_ROOT}/Manifest.lock\" > /dev/null\nif [[ $? != 0 ]] ; then\n    cat << EOM\nerror: The sandbox is not in sync with the Podfile.lock. Run 'pod install' or update your CocoaPods installation.\nEOM\n    exit 1\nfi\n";
			showEnvVarsInLog = 0;
		};
		5A0986D2190FDD5C006E8CB4 /* ShellScript */ = {
			isa = PBXShellScriptBuildPhase;
			buildActionMask = 2147483647;
			files = (
			);
			inputPaths = (
			);
			outputPaths = (
			);
			runOnlyForDeploymentPostprocessing = 0;
			shellPath = /bin/sh;
			shellScript = "./Crashlytics.framework/run 91cee469acb56fb41becc68f4429e6c5bd9ba669 3bc4db7b498c0a07015a1d1151c471d7f6a4a4d71b2e228b662ea6af4d858019";
		};
		A23D242623C84FF2B30502E5 /* Copy Pods Resources */ = {
			isa = PBXShellScriptBuildPhase;
			buildActionMask = 2147483647;
			files = (
			);
			inputPaths = (
			);
			name = "Copy Pods Resources";
			outputPaths = (
			);
			runOnlyForDeploymentPostprocessing = 0;
			shellPath = /bin/sh;
			shellScript = "\"${SRCROOT}/Pods/Target Support Files/Pods-TotalRecall/Pods-TotalRecall-resources.sh\"\n";
			showEnvVarsInLog = 0;
		};
		DFE60A53099548538DAC95B9 /* Check Pods Manifest.lock */ = {
			isa = PBXShellScriptBuildPhase;
			buildActionMask = 2147483647;
			files = (
			);
			inputPaths = (
			);
			name = "Check Pods Manifest.lock";
			outputPaths = (
			);
			runOnlyForDeploymentPostprocessing = 0;
			shellPath = /bin/sh;
			shellScript = "diff \"${PODS_ROOT}/../Podfile.lock\" \"${PODS_ROOT}/Manifest.lock\" > /dev/null\nif [[ $? != 0 ]] ; then\n    cat << EOM\nerror: The sandbox is not in sync with the Podfile.lock. Run 'pod install' or update your CocoaPods installation.\nEOM\n    exit 1\nfi\n";
			showEnvVarsInLog = 0;
		};
/* End PBXShellScriptBuildPhase section */

/* Begin PBXSourcesBuildPhase section */
		5A844C3B19010AEC00F9F4B9 /* Sources */ = {
			isa = PBXSourcesBuildPhase;
			buildActionMask = 2147483647;
			files = (
				5A9E09EA190400E1009B450A /* TORIncidentViewModel.m in Sources */,
				5A844C5319010AEC00F9F4B9 /* TORAppDelegate.m in Sources */,
				5A9E09D419012CC6009B450A /* TORIncidentCell.m in Sources */,
				5A9E09D919019F87009B450A /* TORIncidentViewController.m in Sources */,
				5A9E09E71903F621009B450A /* TORIncidentsViewModel.m in Sources */,
				5A844C851901176300F9F4B9 /* TORIncident.m in Sources */,
				5A844C7E19010C6500F9F4B9 /* TORIncidentsViewController.m in Sources */,
				5A844C4F19010AEC00F9F4B9 /* main.m in Sources */,
			);
			runOnlyForDeploymentPostprocessing = 0;
		};
		5A844C5C19010AEC00F9F4B9 /* Sources */ = {
			isa = PBXSourcesBuildPhase;
			buildActionMask = 2147483647;
			files = (
				5A0BA33F191A62610048E790 /* TestIncidentViewModel.m in Sources */,
				5A0BA32A1919612F0048E790 /* TestIncidentsViewModel.m in Sources */,
			);
			runOnlyForDeploymentPostprocessing = 0;
		};
/* End PBXSourcesBuildPhase section */

/* Begin PBXTargetDependency section */
		5A844C6619010AEC00F9F4B9 /* PBXTargetDependency */ = {
			isa = PBXTargetDependency;
			target = 5A844C3E19010AEC00F9F4B9 /* TotalRecall */;
			targetProxy = 5A844C6519010AEC00F9F4B9 /* PBXContainerItemProxy */;
		};
/* End PBXTargetDependency section */

/* Begin PBXVariantGroup section */
		5A844C4B19010AEC00F9F4B9 /* InfoPlist.strings */ = {
			isa = PBXVariantGroup;
			children = (
				5A9E09DC1901AD94009B450A /* da */,
				5AFD5BB8190BA1CC0058B4DC /* Base */,
			);
			name = InfoPlist.strings;
			sourceTree = "<group>";
		};
		5A844C6A19010AEC00F9F4B9 /* InfoPlist.strings */ = {
			isa = PBXVariantGroup;
			children = (
				5A9E09DD1901AD94009B450A /* da */,
			);
			name = InfoPlist.strings;
			sourceTree = "<group>";
		};
		5A844C7819010C6500F9F4B9 /* Main.storyboard */ = {
			isa = PBXVariantGroup;
			children = (
				5A844C7919010C6500F9F4B9 /* Base */,
			);
			name = Main.storyboard;
			sourceTree = "<group>";
		};
		5A9E09E01901ADA1009B450A /* Localizable.strings */ = {
			isa = PBXVariantGroup;
			children = (
				5A9E09DF1901ADA1009B450A /* da */,
				5A9E09EE19040BA1009B450A /* Base */,
			);
			name = Localizable.strings;
			sourceTree = "<group>";
		};
/* End PBXVariantGroup section */

/* Begin XCBuildConfiguration section */
		5A844C6F19010AEC00F9F4B9 /* Debug */ = {
			isa = XCBuildConfiguration;
			buildSettings = {
				ALWAYS_SEARCH_USER_PATHS = NO;
				CLANG_CXX_LANGUAGE_STANDARD = "gnu++0x";
				CLANG_CXX_LIBRARY = "libc++";
				CLANG_ENABLE_MODULES = YES;
				CLANG_ENABLE_OBJC_ARC = YES;
				CLANG_WARN_BOOL_CONVERSION = YES;
				CLANG_WARN_CONSTANT_CONVERSION = YES;
				CLANG_WARN_DIRECT_OBJC_ISA_USAGE = YES_ERROR;
				CLANG_WARN_EMPTY_BODY = YES;
				CLANG_WARN_ENUM_CONVERSION = YES;
				CLANG_WARN_INT_CONVERSION = YES;
				CLANG_WARN_OBJC_ROOT_CLASS = YES_ERROR;
				CLANG_WARN__DUPLICATE_METHOD_MATCH = YES;
				"CODE_SIGN_IDENTITY[sdk=iphoneos*]" = "iPhone Developer";
				COPY_PHASE_STRIP = NO;
				GCC_C_LANGUAGE_STANDARD = gnu99;
				GCC_DYNAMIC_NO_PIC = NO;
				GCC_OPTIMIZATION_LEVEL = 0;
				GCC_PREPROCESSOR_DEFINITIONS = (
					"DEBUG=1",
					"$(inherited)",
				);
				GCC_SYMBOLS_PRIVATE_EXTERN = NO;
				GCC_WARN_64_TO_32_BIT_CONVERSION = YES;
				GCC_WARN_ABOUT_RETURN_TYPE = YES_ERROR;
				GCC_WARN_UNDECLARED_SELECTOR = YES;
				GCC_WARN_UNINITIALIZED_AUTOS = YES_AGGRESSIVE;
				GCC_WARN_UNUSED_FUNCTION = YES;
				GCC_WARN_UNUSED_VARIABLE = YES;
				IPHONEOS_DEPLOYMENT_TARGET = 8.0;
				ONLY_ACTIVE_ARCH = YES;
				SDKROOT = iphoneos;
			};
			name = Debug;
		};
		5A844C7019010AEC00F9F4B9 /* Release */ = {
			isa = XCBuildConfiguration;
			buildSettings = {
				ALWAYS_SEARCH_USER_PATHS = NO;
				CLANG_CXX_LANGUAGE_STANDARD = "gnu++0x";
				CLANG_CXX_LIBRARY = "libc++";
				CLANG_ENABLE_MODULES = YES;
				CLANG_ENABLE_OBJC_ARC = YES;
				CLANG_WARN_BOOL_CONVERSION = YES;
				CLANG_WARN_CONSTANT_CONVERSION = YES;
				CLANG_WARN_DIRECT_OBJC_ISA_USAGE = YES_ERROR;
				CLANG_WARN_EMPTY_BODY = YES;
				CLANG_WARN_ENUM_CONVERSION = YES;
				CLANG_WARN_INT_CONVERSION = YES;
				CLANG_WARN_OBJC_ROOT_CLASS = YES_ERROR;
				CLANG_WARN__DUPLICATE_METHOD_MATCH = YES;
				"CODE_SIGN_IDENTITY[sdk=iphoneos*]" = "iPhone Developer";
				COPY_PHASE_STRIP = YES;
				ENABLE_NS_ASSERTIONS = NO;
				GCC_C_LANGUAGE_STANDARD = gnu99;
				GCC_WARN_64_TO_32_BIT_CONVERSION = YES;
				GCC_WARN_ABOUT_RETURN_TYPE = YES_ERROR;
				GCC_WARN_UNDECLARED_SELECTOR = YES;
				GCC_WARN_UNINITIALIZED_AUTOS = YES_AGGRESSIVE;
				GCC_WARN_UNUSED_FUNCTION = YES;
				GCC_WARN_UNUSED_VARIABLE = YES;
				IPHONEOS_DEPLOYMENT_TARGET = 8.0;
				SDKROOT = iphoneos;
				VALIDATE_PRODUCT = YES;
			};
			name = Release;
		};
		5A844C7219010AEC00F9F4B9 /* Debug */ = {
			isa = XCBuildConfiguration;
			baseConfigurationReference = 3CB529FC0DCBD3882536BF31 /* Pods-TotalRecall.debug.xcconfig */;
			buildSettings = {
				ASSETCATALOG_COMPILER_APPICON_NAME = AppIcon;
				ASSETCATALOG_COMPILER_LAUNCHIMAGE_NAME = LaunchImage;
				CODE_SIGN_IDENTITY = "iPhone Developer: Morten Boegh (25A52SFS7B)";
				FRAMEWORK_SEARCH_PATHS = (
					"$(inherited)",
					"$(PROJECT_DIR)",
				);
				GCC_PRECOMPILE_PREFIX_HEADER = YES;
				GCC_PREFIX_HEADER = "TotalRecall/TotalRecall-Prefix.pch";
				INFOPLIST_FILE = "TotalRecall/TotalRecall-Info.plist";
				IPHONEOS_DEPLOYMENT_TARGET = 8.0;
				PRODUCT_NAME = "$(TARGET_NAME)";
				PROVISIONING_PROFILE = "9CD3955B-DFA2-426D-8CF3-BEB3287E82AC";
				WRAPPER_EXTENSION = app;
			};
			name = Debug;
		};
		5A844C7319010AEC00F9F4B9 /* Release */ = {
			isa = XCBuildConfiguration;
			baseConfigurationReference = E95061E02B8B2A80DF36ED94 /* Pods-TotalRecall.release.xcconfig */;
			buildSettings = {
				ASSETCATALOG_COMPILER_APPICON_NAME = AppIcon;
				ASSETCATALOG_COMPILER_LAUNCHIMAGE_NAME = LaunchImage;
				CODE_SIGN_IDENTITY = "iPhone Distribution: Morten Soerensen (6Y3N739X56)";
				FRAMEWORK_SEARCH_PATHS = (
					"$(inherited)",
					"$(PROJECT_DIR)",
				);
				GCC_PRECOMPILE_PREFIX_HEADER = YES;
				GCC_PREFIX_HEADER = "TotalRecall/TotalRecall-Prefix.pch";
				INFOPLIST_FILE = "TotalRecall/TotalRecall-Info.plist";
				IPHONEOS_DEPLOYMENT_TARGET = 8.0;
				PRODUCT_NAME = "$(TARGET_NAME)";
				PROVISIONING_PROFILE = "B401C48F-C368-41BE-B3AA-F9B1F20A05D3";
				WRAPPER_EXTENSION = app;
			};
			name = Release;
		};
		5A844C7519010AEC00F9F4B9 /* Debug */ = {
			isa = XCBuildConfiguration;
			baseConfigurationReference = 973746643553015855CD443A /* Pods-TotalRecallTests.debug.xcconfig */;
			buildSettings = {
				BUNDLE_LOADER = "$(BUILT_PRODUCTS_DIR)/TotalRecall.app/TotalRecall";
				FRAMEWORK_SEARCH_PATHS = (
					"$(SDKROOT)/Developer/Library/Frameworks",
					"$(inherited)",
					"$(DEVELOPER_FRAMEWORKS_DIR)",
				);
				GCC_PRECOMPILE_PREFIX_HEADER = YES;
				GCC_PREFIX_HEADER = "TotalRecall/TotalRecall-Prefix.pch";
				GCC_PREPROCESSOR_DEFINITIONS = (
					"DEBUG=1",
					"$(inherited)",
				);
				INFOPLIST_FILE = "TotalRecallTests/TotalRecallTests-Info.plist";
				PRODUCT_NAME = "$(TARGET_NAME)";
				TEST_HOST = "$(BUNDLE_LOADER)";
				WRAPPER_EXTENSION = xctest;
			};
			name = Debug;
		};
		5A844C7619010AEC00F9F4B9 /* Release */ = {
			isa = XCBuildConfiguration;
			baseConfigurationReference = C894B543A01BCA306120B4EA /* Pods-TotalRecallTests.release.xcconfig */;
			buildSettings = {
				BUNDLE_LOADER = "$(BUILT_PRODUCTS_DIR)/TotalRecall.app/TotalRecall";
				FRAMEWORK_SEARCH_PATHS = (
					"$(SDKROOT)/Developer/Library/Frameworks",
					"$(inherited)",
					"$(DEVELOPER_FRAMEWORKS_DIR)",
				);
				GCC_PRECOMPILE_PREFIX_HEADER = YES;
				GCC_PREFIX_HEADER = "TotalRecall/TotalRecall-Prefix.pch";
				INFOPLIST_FILE = "TotalRecallTests/TotalRecallTests-Info.plist";
				PRODUCT_NAME = "$(TARGET_NAME)";
				TEST_HOST = "$(BUNDLE_LOADER)";
				WRAPPER_EXTENSION = xctest;
			};
			name = Release;
		};
/* End XCBuildConfiguration section */

/* Begin XCConfigurationList section */
		5A844C3A19010AEC00F9F4B9 /* Build configuration list for PBXProject "TotalRecall" */ = {
			isa = XCConfigurationList;
			buildConfigurations = (
				5A844C6F19010AEC00F9F4B9 /* Debug */,
				5A844C7019010AEC00F9F4B9 /* Release */,
			);
			defaultConfigurationIsVisible = 0;
			defaultConfigurationName = Release;
		};
		5A844C7119010AEC00F9F4B9 /* Build configuration list for PBXNativeTarget "TotalRecall" */ = {
			isa = XCConfigurationList;
			buildConfigurations = (
				5A844C7219010AEC00F9F4B9 /* Debug */,
				5A844C7319010AEC00F9F4B9 /* Release */,
			);
			defaultConfigurationIsVisible = 0;
			defaultConfigurationName = Release;
		};
		5A844C7419010AEC00F9F4B9 /* Build configuration list for PBXNativeTarget "TotalRecallTests" */ = {
			isa = XCConfigurationList;
			buildConfigurations = (
				5A844C7519010AEC00F9F4B9 /* Debug */,
				5A844C7619010AEC00F9F4B9 /* Release */,
			);
			defaultConfigurationIsVisible = 0;
			defaultConfigurationName = Release;
		};
/* End XCConfigurationList section */
	};
	rootObject = 5A844C3719010AEC00F9F4B9 /* Project object */;
}
