<?xml version="1.0" encoding="UTF-8"?>
<!DOCTYPE plist PUBLIC "-//Apple//DTD PLIST 1.0//EN" "http://www.apple.com/DTDs/PropertyList-1.0.dtd">
<plist version="1.0">
<dict>
	<key>archiveVersion</key>
	<string>1</string>
	<key>classes</key>
	<dict/>
	<key>objectVersion</key>
	<string>46</string>
	<key>objects</key>
	<dict>
		<key>37ED98150497482FAF31500E</key>
		<dict>
			<key>buildActionMask</key>
			<string>2147483647</string>
			<key>files</key>
			<array/>
			<key>inputPaths</key>
			<array/>
			<key>isa</key>
			<string>PBXShellScriptBuildPhase</string>
			<key>name</key>
			<string>Copy Pods Resources</string>
			<key>outputPaths</key>
			<array/>
			<key>runOnlyForDeploymentPostprocessing</key>
			<string>0</string>
			<key>shellPath</key>
			<string>/bin/sh</string>
			<key>shellScript</key>
			<string>"${SRCROOT}/Pods/Pods-TotalRecallTests-resources.sh"
</string>
			<key>showEnvVarsInLog</key>
			<string>0</string>
		</dict>
		<key>3D6B820006ED4A4B9C98C021</key>
		<dict>
			<key>includeInIndex</key>
			<string>1</string>
			<key>isa</key>
			<string>PBXFileReference</string>
			<key>lastKnownFileType</key>
			<string>text.xcconfig</string>
			<key>name</key>
			<string>Pods-TotalRecallTests.xcconfig</string>
			<key>path</key>
			<string>Pods/Pods-TotalRecallTests.xcconfig</string>
			<key>sourceTree</key>
			<string>&lt;group&gt;</string>
		</dict>
		<key>53C703A130A74B8089B44F6D</key>
		<dict>
			<key>buildActionMask</key>
			<string>2147483647</string>
			<key>files</key>
			<array/>
			<key>inputPaths</key>
			<array/>
			<key>isa</key>
			<string>PBXShellScriptBuildPhase</string>
			<key>name</key>
			<string>Check Pods Manifest.lock</string>
			<key>outputPaths</key>
			<array/>
			<key>runOnlyForDeploymentPostprocessing</key>
			<string>0</string>
			<key>shellPath</key>
			<string>/bin/sh</string>
			<key>shellScript</key>
			<string>diff "${PODS_ROOT}/../Podfile.lock" "${PODS_ROOT}/Manifest.lock" &gt; /dev/null
if [[ $? != 0 ]] ; then
    cat &lt;&lt; EOM
error: The sandbox is not in sync with the Podfile.lock. Run 'pod install' or update your CocoaPods installation.
EOM
    exit 1
fi
</string>
			<key>showEnvVarsInLog</key>
			<string>0</string>
		</dict>
		<key>5A0986D2190FDD5C006E8CB4</key>
		<dict>
			<key>buildActionMask</key>
			<string>2147483647</string>
			<key>files</key>
			<array/>
			<key>inputPaths</key>
			<array/>
			<key>isa</key>
			<string>PBXShellScriptBuildPhase</string>
			<key>outputPaths</key>
			<array/>
			<key>runOnlyForDeploymentPostprocessing</key>
			<string>0</string>
			<key>shellPath</key>
			<string>/bin/sh</string>
			<key>shellScript</key>
			<string>./Crashlytics.framework/run 91cee469acb56fb41becc68f4429e6c5bd9ba669 3bc4db7b498c0a07015a1d1151c471d7f6a4a4d71b2e228b662ea6af4d858019</string>
		</dict>
		<key>5A0986D3190FDD86006E8CB4</key>
		<dict>
			<key>isa</key>
			<string>PBXFileReference</string>
			<key>lastKnownFileType</key>
			<string>wrapper.framework</string>
			<key>path</key>
			<string>Crashlytics.framework</string>
			<key>sourceTree</key>
			<string>&lt;group&gt;</string>
		</dict>
		<key>5A0986D4190FDD86006E8CB4</key>
		<dict>
			<key>fileRef</key>
			<string>5A0986D3190FDD86006E8CB4</string>
			<key>isa</key>
			<string>PBXBuildFile</string>
		</dict>
		<key>5A844C3619010AEC00F9F4B9</key>
		<dict>
			<key>children</key>
			<array>
				<string>5A844C4819010AEC00F9F4B9</string>
				<string>5A844C6719010AEC00F9F4B9</string>
				<string>5A844C4119010AEC00F9F4B9</string>
				<string>5A844C4019010AEC00F9F4B9</string>
				<string>F7B4750DC3D94728BB6CF3D3</string>
				<string>DB9E5F7AF24B4934A35334BB</string>
				<string>3D6B820006ED4A4B9C98C021</string>
			</array>
			<key>isa</key>
			<string>PBXGroup</string>
			<key>sourceTree</key>
			<string>&lt;group&gt;</string>
		</dict>
		<key>5A844C3719010AEC00F9F4B9</key>
		<dict>
			<key>attributes</key>
			<dict>
				<key>CLASSPREFIX</key>
				<string>TOR</string>
				<key>LastUpgradeCheck</key>
				<string>0510</string>
				<key>ORGANIZATIONNAME</key>
				<string>Morten B&#248;gh</string>
				<key>TargetAttributes</key>
				<dict>
					<key>5A844C5F19010AEC00F9F4B9</key>
					<dict>
						<key>TestTargetID</key>
						<string>5A844C3E19010AEC00F9F4B9</string>
					</dict>
				</dict>
			</dict>
			<key>buildConfigurationList</key>
			<string>5A844C3A19010AEC00F9F4B9</string>
			<key>compatibilityVersion</key>
			<string>Xcode 3.2</string>
			<key>developmentRegion</key>
			<string>English</string>
			<key>hasScannedForEncodings</key>
			<string>0</string>
			<key>isa</key>
			<string>PBXProject</string>
			<key>knownRegions</key>
			<array>
				<string>en</string>
				<string>Base</string>
				<string>da</string>
			</array>
			<key>mainGroup</key>
			<string>5A844C3619010AEC00F9F4B9</string>
			<key>productRefGroup</key>
			<string>5A844C4019010AEC00F9F4B9</string>
			<key>projectDirPath</key>
			<string></string>
			<key>projectReferences</key>
			<array/>
			<key>projectRoot</key>
			<string></string>
			<key>targets</key>
			<array>
				<string>5A844C3E19010AEC00F9F4B9</string>
				<string>5A844C5F19010AEC00F9F4B9</string>
			</array>
		</dict>
		<key>5A844C3A19010AEC00F9F4B9</key>
		<dict>
			<key>buildConfigurations</key>
			<array>
				<string>5A844C6F19010AEC00F9F4B9</string>
				<string>5A844C7019010AEC00F9F4B9</string>
			</array>
			<key>defaultConfigurationIsVisible</key>
			<string>0</string>
			<key>defaultConfigurationName</key>
			<string>Release</string>
			<key>isa</key>
			<string>XCConfigurationList</string>
		</dict>
		<key>5A844C3B19010AEC00F9F4B9</key>
		<dict>
			<key>buildActionMask</key>
			<string>2147483647</string>
			<key>files</key>
			<array>
				<string>5A9E09EA190400E1009B450A</string>
				<string>5A844C5319010AEC00F9F4B9</string>
				<string>5A9E09D419012CC6009B450A</string>
				<string>5A9E09ED190407E9009B450A</string>
				<string>5A9E09D919019F87009B450A</string>
				<string>5A9E09E71903F621009B450A</string>
				<string>5A844C851901176300F9F4B9</string>
				<string>5A844C7E19010C6500F9F4B9</string>
				<string>5A844C4F19010AEC00F9F4B9</string>
			</array>
			<key>isa</key>
			<string>PBXSourcesBuildPhase</string>
			<key>runOnlyForDeploymentPostprocessing</key>
			<string>0</string>
		</dict>
		<key>5A844C3C19010AEC00F9F4B9</key>
		<dict>
			<key>buildActionMask</key>
			<string>2147483647</string>
			<key>files</key>
			<array>
				<string>5A844C4519010AEC00F9F4B9</string>
				<string>5A0986D4190FDD86006E8CB4</string>
				<string>5A844C4719010AEC00F9F4B9</string>
				<string>5A844C4319010AEC00F9F4B9</string>
				<string>F1C213EF30024074A7B7AB01</string>
			</array>
			<key>isa</key>
			<string>PBXFrameworksBuildPhase</string>
			<key>runOnlyForDeploymentPostprocessing</key>
			<string>0</string>
		</dict>
		<key>5A844C3D19010AEC00F9F4B9</key>
		<dict>
			<key>buildActionMask</key>
			<string>2147483647</string>
			<key>files</key>
			<array>
				<string>5A9E09DE1901ADA1009B450A</string>
				<string>5A844C8119010C8A00F9F4B9</string>
				<string>5A844C7D19010C6500F9F4B9</string>
				<string>5A844C4D19010AEC00F9F4B9</string>
				<string>5A9E09D619012D53009B450A</string>
			</array>
			<key>isa</key>
			<string>PBXResourcesBuildPhase</string>
			<key>runOnlyForDeploymentPostprocessing</key>
			<string>0</string>
		</dict>
		<key>5A844C3E19010AEC00F9F4B9</key>
		<dict>
			<key>buildConfigurationList</key>
			<string>5A844C7119010AEC00F9F4B9</string>
			<key>buildPhases</key>
			<array>
				<string>DFE60A53099548538DAC95B9</string>
				<string>5A844C3B19010AEC00F9F4B9</string>
				<string>5A844C3C19010AEC00F9F4B9</string>
				<string>5A844C3D19010AEC00F9F4B9</string>
				<string>A23D242623C84FF2B30502E5</string>
				<string>5A0986D2190FDD5C006E8CB4</string>
			</array>
			<key>buildRules</key>
			<array/>
			<key>dependencies</key>
			<array/>
			<key>isa</key>
			<string>PBXNativeTarget</string>
			<key>name</key>
			<string>TotalRecall</string>
			<key>productName</key>
			<string>TotalRecall</string>
			<key>productReference</key>
			<string>5A844C3F19010AEC00F9F4B9</string>
			<key>productType</key>
			<string>com.apple.product-type.application</string>
		</dict>
		<key>5A844C3F19010AEC00F9F4B9</key>
		<dict>
			<key>explicitFileType</key>
			<string>wrapper.application</string>
			<key>includeInIndex</key>
			<string>0</string>
			<key>isa</key>
			<string>PBXFileReference</string>
			<key>path</key>
			<string>TotalRecall.app</string>
			<key>sourceTree</key>
			<string>BUILT_PRODUCTS_DIR</string>
		</dict>
		<key>5A844C4019010AEC00F9F4B9</key>
		<dict>
			<key>children</key>
			<array>
				<string>5A844C3F19010AEC00F9F4B9</string>
				<string>5A844C6019010AEC00F9F4B9</string>
			</array>
			<key>isa</key>
			<string>PBXGroup</string>
			<key>name</key>
			<string>Products</string>
			<key>sourceTree</key>
			<string>&lt;group&gt;</string>
		</dict>
		<key>5A844C4119010AEC00F9F4B9</key>
		<dict>
			<key>children</key>
			<array>
				<string>5A0986D3190FDD86006E8CB4</string>
				<string>5A844C4219010AEC00F9F4B9</string>
				<string>5A844C4419010AEC00F9F4B9</string>
				<string>5A844C4619010AEC00F9F4B9</string>
				<string>5A844C6119010AEC00F9F4B9</string>
				<string>D4A86F021E4B4F3591CC85B1</string>
				<string>D3DBB760FAC84F52BC7BB90B</string>
			</array>
			<key>isa</key>
			<string>PBXGroup</string>
			<key>name</key>
			<string>Frameworks</string>
			<key>sourceTree</key>
			<string>&lt;group&gt;</string>
		</dict>
		<key>5A844C4219010AEC00F9F4B9</key>
		<dict>
			<key>isa</key>
			<string>PBXFileReference</string>
			<key>lastKnownFileType</key>
			<string>wrapper.framework</string>
			<key>name</key>
			<string>Foundation.framework</string>
			<key>path</key>
			<string>System/Library/Frameworks/Foundation.framework</string>
			<key>sourceTree</key>
			<string>SDKROOT</string>
		</dict>
		<key>5A844C4319010AEC00F9F4B9</key>
		<dict>
			<key>fileRef</key>
			<string>5A844C4219010AEC00F9F4B9</string>
			<key>isa</key>
			<string>PBXBuildFile</string>
		</dict>
		<key>5A844C4419010AEC00F9F4B9</key>
		<dict>
			<key>isa</key>
			<string>PBXFileReference</string>
			<key>lastKnownFileType</key>
			<string>wrapper.framework</string>
			<key>name</key>
			<string>CoreGraphics.framework</string>
			<key>path</key>
			<string>System/Library/Frameworks/CoreGraphics.framework</string>
			<key>sourceTree</key>
			<string>SDKROOT</string>
		</dict>
		<key>5A844C4519010AEC00F9F4B9</key>
		<dict>
			<key>fileRef</key>
			<string>5A844C4419010AEC00F9F4B9</string>
			<key>isa</key>
			<string>PBXBuildFile</string>
		</dict>
		<key>5A844C4619010AEC00F9F4B9</key>
		<dict>
			<key>isa</key>
			<string>PBXFileReference</string>
			<key>lastKnownFileType</key>
			<string>wrapper.framework</string>
			<key>name</key>
			<string>UIKit.framework</string>
			<key>path</key>
			<string>System/Library/Frameworks/UIKit.framework</string>
			<key>sourceTree</key>
			<string>SDKROOT</string>
		</dict>
		<key>5A844C4719010AEC00F9F4B9</key>
		<dict>
			<key>fileRef</key>
			<string>5A844C4619010AEC00F9F4B9</string>
			<key>isa</key>
			<string>PBXBuildFile</string>
		</dict>
		<key>5A844C4819010AEC00F9F4B9</key>
		<dict>
			<key>children</key>
			<array>
				<string>5A844C821901174C00F9F4B9</string>
				<string>5A844C7F19010C8A00F9F4B9</string>
				<string>5A844C4919010AEC00F9F4B9</string>
				<string>5A844C7A19010C6500F9F4B9</string>
				<string>5A9E09E41903F5F9009B450A</string>
				<string>5A844C7719010C6500F9F4B9</string>
				<string>5A844C5119010AEC00F9F4B9</string>
				<string>5A844C5219010AEC00F9F4B9</string>
			</array>
			<key>isa</key>
			<string>PBXGroup</string>
			<key>path</key>
			<string>TotalRecall</string>
			<key>sourceTree</key>
			<string>&lt;group&gt;</string>
		</dict>
		<key>5A844C4919010AEC00F9F4B9</key>
		<dict>
			<key>children</key>
			<array>
				<string>5A844C4A19010AEC00F9F4B9</string>
				<string>5A844C4B19010AEC00F9F4B9</string>
				<string>5A844C4E19010AEC00F9F4B9</string>
				<string>5A844C5019010AEC00F9F4B9</string>
			</array>
			<key>isa</key>
			<string>PBXGroup</string>
			<key>name</key>
			<string>Supporting Files</string>
			<key>sourceTree</key>
			<string>&lt;group&gt;</string>
		</dict>
		<key>5A844C4A19010AEC00F9F4B9</key>
		<dict>
			<key>isa</key>
			<string>PBXFileReference</string>
			<key>lastKnownFileType</key>
			<string>text.plist.xml</string>
			<key>path</key>
			<string>TotalRecall-Info.plist</string>
			<key>sourceTree</key>
			<string>&lt;group&gt;</string>
		</dict>
		<key>5A844C4B19010AEC00F9F4B9</key>
		<dict>
			<key>children</key>
			<array>
				<string>5A9E09DC1901AD94009B450A</string>
				<string>5AFD5BB8190BA1CC0058B4DC</string>
			</array>
			<key>isa</key>
			<string>PBXVariantGroup</string>
			<key>name</key>
			<string>InfoPlist.strings</string>
			<key>sourceTree</key>
			<string>&lt;group&gt;</string>
		</dict>
		<key>5A844C4D19010AEC00F9F4B9</key>
		<dict>
			<key>fileRef</key>
			<string>5A844C4B19010AEC00F9F4B9</string>
			<key>isa</key>
			<string>PBXBuildFile</string>
		</dict>
		<key>5A844C4E19010AEC00F9F4B9</key>
		<dict>
			<key>isa</key>
			<string>PBXFileReference</string>
			<key>lastKnownFileType</key>
			<string>sourcecode.c.objc</string>
			<key>path</key>
			<string>main.m</string>
			<key>sourceTree</key>
			<string>&lt;group&gt;</string>
		</dict>
		<key>5A844C4F19010AEC00F9F4B9</key>
		<dict>
			<key>fileRef</key>
			<string>5A844C4E19010AEC00F9F4B9</string>
			<key>isa</key>
			<string>PBXBuildFile</string>
		</dict>
		<key>5A844C5019010AEC00F9F4B9</key>
		<dict>
			<key>isa</key>
			<string>PBXFileReference</string>
			<key>lastKnownFileType</key>
			<string>sourcecode.c.h</string>
			<key>path</key>
			<string>TotalRecall-Prefix.pch</string>
			<key>sourceTree</key>
			<string>&lt;group&gt;</string>
		</dict>
		<key>5A844C5119010AEC00F9F4B9</key>
		<dict>
			<key>isa</key>
			<string>PBXFileReference</string>
			<key>lastKnownFileType</key>
			<string>sourcecode.c.h</string>
			<key>path</key>
			<string>TORAppDelegate.h</string>
			<key>sourceTree</key>
			<string>&lt;group&gt;</string>
		</dict>
		<key>5A844C5219010AEC00F9F4B9</key>
		<dict>
			<key>isa</key>
			<string>PBXFileReference</string>
			<key>lastKnownFileType</key>
			<string>sourcecode.c.objc</string>
			<key>path</key>
			<string>TORAppDelegate.m</string>
			<key>sourceTree</key>
			<string>&lt;group&gt;</string>
		</dict>
		<key>5A844C5319010AEC00F9F4B9</key>
		<dict>
			<key>fileRef</key>
			<string>5A844C5219010AEC00F9F4B9</string>
			<key>isa</key>
			<string>PBXBuildFile</string>
		</dict>
		<key>5A844C5C19010AEC00F9F4B9</key>
		<dict>
			<key>buildActionMask</key>
			<string>2147483647</string>
			<key>files</key>
			<array>
				<string>5A844C6E19010AEC00F9F4B9</string>
			</array>
			<key>isa</key>
			<string>PBXSourcesBuildPhase</string>
			<key>runOnlyForDeploymentPostprocessing</key>
			<string>0</string>
		</dict>
		<key>5A844C5D19010AEC00F9F4B9</key>
		<dict>
			<key>buildActionMask</key>
			<string>2147483647</string>
			<key>files</key>
			<array>
				<string>5A844C6219010AEC00F9F4B9</string>
				<string>5A844C6419010AEC00F9F4B9</string>
				<string>5A844C6319010AEC00F9F4B9</string>
				<string>E57D8144E1DA41BD856B6694</string>
			</array>
			<key>isa</key>
			<string>PBXFrameworksBuildPhase</string>
			<key>runOnlyForDeploymentPostprocessing</key>
			<string>0</string>
		</dict>
		<key>5A844C5E19010AEC00F9F4B9</key>
		<dict>
			<key>buildActionMask</key>
			<string>2147483647</string>
			<key>files</key>
			<array>
				<string>5A844C6C19010AEC00F9F4B9</string>
			</array>
			<key>isa</key>
			<string>PBXResourcesBuildPhase</string>
			<key>runOnlyForDeploymentPostprocessing</key>
			<string>0</string>
		</dict>
		<key>5A844C5F19010AEC00F9F4B9</key>
		<dict>
			<key>buildConfigurationList</key>
			<string>5A844C7419010AEC00F9F4B9</string>
			<key>buildPhases</key>
			<array>
				<string>53C703A130A74B8089B44F6D</string>
				<string>5A844C5C19010AEC00F9F4B9</string>
				<string>5A844C5D19010AEC00F9F4B9</string>
				<string>5A844C5E19010AEC00F9F4B9</string>
				<string>37ED98150497482FAF31500E</string>
			</array>
			<key>buildRules</key>
			<array/>
			<key>dependencies</key>
			<array>
				<string>5A844C6619010AEC00F9F4B9</string>
			</array>
			<key>isa</key>
			<string>PBXNativeTarget</string>
			<key>name</key>
			<string>TotalRecallTests</string>
			<key>productName</key>
			<string>TotalRecallTests</string>
			<key>productReference</key>
			<string>5A844C6019010AEC00F9F4B9</string>
			<key>productType</key>
			<string>com.apple.product-type.bundle.unit-test</string>
		</dict>
		<key>5A844C6019010AEC00F9F4B9</key>
		<dict>
			<key>explicitFileType</key>
			<string>wrapper.cfbundle</string>
			<key>includeInIndex</key>
			<string>0</string>
			<key>isa</key>
			<string>PBXFileReference</string>
			<key>path</key>
			<string>TotalRecallTests.xctest</string>
			<key>sourceTree</key>
			<string>BUILT_PRODUCTS_DIR</string>
		</dict>
		<key>5A844C6119010AEC00F9F4B9</key>
		<dict>
			<key>isa</key>
			<string>PBXFileReference</string>
			<key>lastKnownFileType</key>
			<string>wrapper.framework</string>
			<key>name</key>
			<string>XCTest.framework</string>
			<key>path</key>
			<string>Library/Frameworks/XCTest.framework</string>
			<key>sourceTree</key>
			<string>DEVELOPER_DIR</string>
		</dict>
		<key>5A844C6219010AEC00F9F4B9</key>
		<dict>
			<key>fileRef</key>
			<string>5A844C6119010AEC00F9F4B9</string>
			<key>isa</key>
			<string>PBXBuildFile</string>
		</dict>
		<key>5A844C6319010AEC00F9F4B9</key>
		<dict>
			<key>fileRef</key>
			<string>5A844C4219010AEC00F9F4B9</string>
			<key>isa</key>
			<string>PBXBuildFile</string>
		</dict>
		<key>5A844C6419010AEC00F9F4B9</key>
		<dict>
			<key>fileRef</key>
			<string>5A844C4619010AEC00F9F4B9</string>
			<key>isa</key>
			<string>PBXBuildFile</string>
		</dict>
		<key>5A844C6519010AEC00F9F4B9</key>
		<dict>
			<key>containerPortal</key>
			<string>5A844C3719010AEC00F9F4B9</string>
			<key>isa</key>
			<string>PBXContainerItemProxy</string>
			<key>proxyType</key>
			<string>1</string>
			<key>remoteGlobalIDString</key>
			<string>5A844C3E19010AEC00F9F4B9</string>
			<key>remoteInfo</key>
			<string>TotalRecall</string>
		</dict>
		<key>5A844C6619010AEC00F9F4B9</key>
		<dict>
			<key>isa</key>
			<string>PBXTargetDependency</string>
			<key>target</key>
			<string>5A844C3E19010AEC00F9F4B9</string>
			<key>targetProxy</key>
			<string>5A844C6519010AEC00F9F4B9</string>
		</dict>
		<key>5A844C6719010AEC00F9F4B9</key>
		<dict>
			<key>children</key>
			<array>
				<string>5A844C6D19010AEC00F9F4B9</string>
				<string>5A844C6819010AEC00F9F4B9</string>
			</array>
			<key>isa</key>
			<string>PBXGroup</string>
			<key>path</key>
			<string>TotalRecallTests</string>
			<key>sourceTree</key>
			<string>&lt;group&gt;</string>
		</dict>
		<key>5A844C6819010AEC00F9F4B9</key>
		<dict>
			<key>children</key>
			<array>
				<string>5A844C6919010AEC00F9F4B9</string>
				<string>5A844C6A19010AEC00F9F4B9</string>
			</array>
			<key>isa</key>
			<string>PBXGroup</string>
			<key>name</key>
			<string>Supporting Files</string>
			<key>sourceTree</key>
			<string>&lt;group&gt;</string>
		</dict>
		<key>5A844C6919010AEC00F9F4B9</key>
		<dict>
			<key>isa</key>
			<string>PBXFileReference</string>
			<key>lastKnownFileType</key>
			<string>text.plist.xml</string>
			<key>path</key>
			<string>TotalRecallTests-Info.plist</string>
			<key>sourceTree</key>
			<string>&lt;group&gt;</string>
		</dict>
		<key>5A844C6A19010AEC00F9F4B9</key>
		<dict>
			<key>children</key>
			<array>
				<string>5A9E09DD1901AD94009B450A</string>
			</array>
			<key>isa</key>
			<string>PBXVariantGroup</string>
			<key>name</key>
			<string>InfoPlist.strings</string>
			<key>sourceTree</key>
			<string>&lt;group&gt;</string>
		</dict>
		<key>5A844C6C19010AEC00F9F4B9</key>
		<dict>
			<key>fileRef</key>
			<string>5A844C6A19010AEC00F9F4B9</string>
			<key>isa</key>
			<string>PBXBuildFile</string>
		</dict>
		<key>5A844C6D19010AEC00F9F4B9</key>
		<dict>
			<key>isa</key>
			<string>PBXFileReference</string>
			<key>lastKnownFileType</key>
			<string>sourcecode.c.objc</string>
			<key>path</key>
			<string>TotalRecallTests.m</string>
			<key>sourceTree</key>
			<string>&lt;group&gt;</string>
		</dict>
		<key>5A844C6E19010AEC00F9F4B9</key>
		<dict>
			<key>fileRef</key>
			<string>5A844C6D19010AEC00F9F4B9</string>
			<key>isa</key>
			<string>PBXBuildFile</string>
		</dict>
		<key>5A844C6F19010AEC00F9F4B9</key>
		<dict>
			<key>buildSettings</key>
			<dict>
				<key>ALWAYS_SEARCH_USER_PATHS</key>
				<string>NO</string>
				<key>CLANG_CXX_LANGUAGE_STANDARD</key>
				<string>gnu++0x</string>
				<key>CLANG_CXX_LIBRARY</key>
				<string>libc++</string>
				<key>CLANG_ENABLE_MODULES</key>
				<string>YES</string>
				<key>CLANG_ENABLE_OBJC_ARC</key>
				<string>YES</string>
				<key>CLANG_WARN_BOOL_CONVERSION</key>
				<string>YES</string>
				<key>CLANG_WARN_CONSTANT_CONVERSION</key>
				<string>YES</string>
				<key>CLANG_WARN_DIRECT_OBJC_ISA_USAGE</key>
				<string>YES_ERROR</string>
				<key>CLANG_WARN_EMPTY_BODY</key>
				<string>YES</string>
				<key>CLANG_WARN_ENUM_CONVERSION</key>
				<string>YES</string>
				<key>CLANG_WARN_INT_CONVERSION</key>
				<string>YES</string>
				<key>CLANG_WARN_OBJC_ROOT_CLASS</key>
				<string>YES_ERROR</string>
				<key>CLANG_WARN__DUPLICATE_METHOD_MATCH</key>
				<string>YES</string>
				<key>CODE_SIGN_IDENTITY[sdk=iphoneos*]</key>
				<string>iPhone Developer</string>
				<key>COPY_PHASE_STRIP</key>
				<string>NO</string>
				<key>GCC_C_LANGUAGE_STANDARD</key>
				<string>gnu99</string>
				<key>GCC_DYNAMIC_NO_PIC</key>
				<string>NO</string>
				<key>GCC_OPTIMIZATION_LEVEL</key>
				<string>0</string>
				<key>GCC_PREPROCESSOR_DEFINITIONS</key>
				<array>
					<string>DEBUG=1</string>
					<string>$(inherited)</string>
				</array>
				<key>GCC_SYMBOLS_PRIVATE_EXTERN</key>
				<string>NO</string>
				<key>GCC_WARN_64_TO_32_BIT_CONVERSION</key>
				<string>YES</string>
				<key>GCC_WARN_ABOUT_RETURN_TYPE</key>
				<string>YES_ERROR</string>
				<key>GCC_WARN_UNDECLARED_SELECTOR</key>
				<string>YES</string>
				<key>GCC_WARN_UNINITIALIZED_AUTOS</key>
				<string>YES_AGGRESSIVE</string>
				<key>GCC_WARN_UNUSED_FUNCTION</key>
				<string>YES</string>
				<key>GCC_WARN_UNUSED_VARIABLE</key>
				<string>YES</string>
				<key>IPHONEOS_DEPLOYMENT_TARGET</key>
				<string>7.1</string>
				<key>ONLY_ACTIVE_ARCH</key>
				<string>YES</string>
				<key>SDKROOT</key>
				<string>iphoneos</string>
			</dict>
			<key>isa</key>
			<string>XCBuildConfiguration</string>
			<key>name</key>
			<string>Debug</string>
		</dict>
		<key>5A844C7019010AEC00F9F4B9</key>
		<dict>
			<key>buildSettings</key>
			<dict>
				<key>ALWAYS_SEARCH_USER_PATHS</key>
				<string>NO</string>
				<key>CLANG_CXX_LANGUAGE_STANDARD</key>
				<string>gnu++0x</string>
				<key>CLANG_CXX_LIBRARY</key>
				<string>libc++</string>
				<key>CLANG_ENABLE_MODULES</key>
				<string>YES</string>
				<key>CLANG_ENABLE_OBJC_ARC</key>
				<string>YES</string>
				<key>CLANG_WARN_BOOL_CONVERSION</key>
				<string>YES</string>
				<key>CLANG_WARN_CONSTANT_CONVERSION</key>
				<string>YES</string>
				<key>CLANG_WARN_DIRECT_OBJC_ISA_USAGE</key>
				<string>YES_ERROR</string>
				<key>CLANG_WARN_EMPTY_BODY</key>
				<string>YES</string>
				<key>CLANG_WARN_ENUM_CONVERSION</key>
				<string>YES</string>
				<key>CLANG_WARN_INT_CONVERSION</key>
				<string>YES</string>
				<key>CLANG_WARN_OBJC_ROOT_CLASS</key>
				<string>YES_ERROR</string>
				<key>CLANG_WARN__DUPLICATE_METHOD_MATCH</key>
				<string>YES</string>
				<key>CODE_SIGN_IDENTITY[sdk=iphoneos*]</key>
				<string>iPhone Developer</string>
				<key>COPY_PHASE_STRIP</key>
				<string>YES</string>
				<key>ENABLE_NS_ASSERTIONS</key>
				<string>NO</string>
				<key>GCC_C_LANGUAGE_STANDARD</key>
				<string>gnu99</string>
				<key>GCC_WARN_64_TO_32_BIT_CONVERSION</key>
				<string>YES</string>
				<key>GCC_WARN_ABOUT_RETURN_TYPE</key>
				<string>YES_ERROR</string>
				<key>GCC_WARN_UNDECLARED_SELECTOR</key>
				<string>YES</string>
				<key>GCC_WARN_UNINITIALIZED_AUTOS</key>
				<string>YES_AGGRESSIVE</string>
				<key>GCC_WARN_UNUSED_FUNCTION</key>
				<string>YES</string>
				<key>GCC_WARN_UNUSED_VARIABLE</key>
				<string>YES</string>
				<key>IPHONEOS_DEPLOYMENT_TARGET</key>
				<string>7.1</string>
				<key>SDKROOT</key>
				<string>iphoneos</string>
				<key>VALIDATE_PRODUCT</key>
				<string>YES</string>
			</dict>
			<key>isa</key>
			<string>XCBuildConfiguration</string>
			<key>name</key>
			<string>Release</string>
		</dict>
		<key>5A844C7119010AEC00F9F4B9</key>
		<dict>
			<key>buildConfigurations</key>
			<array>
				<string>5A844C7219010AEC00F9F4B9</string>
				<string>5A844C7319010AEC00F9F4B9</string>
			</array>
			<key>defaultConfigurationIsVisible</key>
			<string>0</string>
			<key>defaultConfigurationName</key>
			<string>Release</string>
			<key>isa</key>
			<string>XCConfigurationList</string>
		</dict>
		<key>5A844C7219010AEC00F9F4B9</key>
		<dict>
			<key>baseConfigurationReference</key>
			<string>DB9E5F7AF24B4934A35334BB</string>
			<key>buildSettings</key>
			<dict>
				<key>ASSETCATALOG_COMPILER_APPICON_NAME</key>
				<string>AppIcon</string>
				<key>ASSETCATALOG_COMPILER_LAUNCHIMAGE_NAME</key>
				<string>LaunchImage</string>
				<key>CODE_SIGN_IDENTITY</key>
				<string>iPhone Developer</string>
				<key>FRAMEWORK_SEARCH_PATHS</key>
				<array>
					<string>$(inherited)</string>
					<string>$(PROJECT_DIR)</string>
				</array>
				<key>GCC_PRECOMPILE_PREFIX_HEADER</key>
				<string>YES</string>
				<key>GCC_PREFIX_HEADER</key>
				<string>TotalRecall/TotalRecall-Prefix.pch</string>
				<key>INFOPLIST_FILE</key>
				<string>TotalRecall/TotalRecall-Info.plist</string>
				<key>IPHONEOS_DEPLOYMENT_TARGET</key>
				<string>7.0</string>
				<key>PRODUCT_NAME</key>
				<string>$(TARGET_NAME)</string>
				<key>PROVISIONING_PROFILE</key>
				<string>63A831D3-888A-4E48-806E-A05077EEBF77</string>
				<key>WRAPPER_EXTENSION</key>
				<string>app</string>
			</dict>
			<key>isa</key>
			<string>XCBuildConfiguration</string>
			<key>name</key>
			<string>Debug</string>
		</dict>
		<key>5A844C7319010AEC00F9F4B9</key>
		<dict>
			<key>baseConfigurationReference</key>
			<string>DB9E5F7AF24B4934A35334BB</string>
			<key>buildSettings</key>
			<dict>
				<key>ASSETCATALOG_COMPILER_APPICON_NAME</key>
				<string>AppIcon</string>
				<key>ASSETCATALOG_COMPILER_LAUNCHIMAGE_NAME</key>
				<string>LaunchImage</string>
				<key>CODE_SIGN_IDENTITY</key>
				<string></string>
				<key>FRAMEWORK_SEARCH_PATHS</key>
				<array>
					<string>$(inherited)</string>
					<string>$(PROJECT_DIR)</string>
				</array>
				<key>GCC_PRECOMPILE_PREFIX_HEADER</key>
				<string>YES</string>
				<key>GCC_PREFIX_HEADER</key>
				<string>TotalRecall/TotalRecall-Prefix.pch</string>
				<key>INFOPLIST_FILE</key>
				<string>TotalRecall/TotalRecall-Info.plist</string>
				<key>IPHONEOS_DEPLOYMENT_TARGET</key>
				<string>7.0</string>
				<key>PRODUCT_NAME</key>
				<string>$(TARGET_NAME)</string>
				<key>PROVISIONING_PROFILE</key>
				<string>63A831D3-888A-4E48-806E-A05077EEBF77</string>
				<key>WRAPPER_EXTENSION</key>
				<string>app</string>
			</dict>
			<key>isa</key>
			<string>XCBuildConfiguration</string>
			<key>name</key>
			<string>Release</string>
		</dict>
		<key>5A844C7419010AEC00F9F4B9</key>
		<dict>
			<key>buildConfigurations</key>
			<array>
				<string>5A844C7519010AEC00F9F4B9</string>
				<string>5A844C7619010AEC00F9F4B9</string>
			</array>
			<key>defaultConfigurationIsVisible</key>
			<string>0</string>
			<key>defaultConfigurationName</key>
			<string>Release</string>
			<key>isa</key>
			<string>XCConfigurationList</string>
		</dict>
		<key>5A844C7519010AEC00F9F4B9</key>
		<dict>
			<key>baseConfigurationReference</key>
			<string>3D6B820006ED4A4B9C98C021</string>
			<key>buildSettings</key>
			<dict>
				<key>BUNDLE_LOADER</key>
				<string>$(BUILT_PRODUCTS_DIR)/TotalRecall.app/TotalRecall</string>
				<key>FRAMEWORK_SEARCH_PATHS</key>
				<array>
					<string>$(SDKROOT)/Developer/Library/Frameworks</string>
					<string>$(inherited)</string>
					<string>$(DEVELOPER_FRAMEWORKS_DIR)</string>
				</array>
				<key>GCC_PRECOMPILE_PREFIX_HEADER</key>
				<string>YES</string>
				<key>GCC_PREFIX_HEADER</key>
				<string>TotalRecall/TotalRecall-Prefix.pch</string>
				<key>GCC_PREPROCESSOR_DEFINITIONS</key>
				<array>
					<string>DEBUG=1</string>
					<string>$(inherited)</string>
				</array>
				<key>INFOPLIST_FILE</key>
				<string>TotalRecallTests/TotalRecallTests-Info.plist</string>
				<key>PRODUCT_NAME</key>
				<string>$(TARGET_NAME)</string>
				<key>TEST_HOST</key>
				<string>$(BUNDLE_LOADER)</string>
				<key>WRAPPER_EXTENSION</key>
				<string>xctest</string>
			</dict>
			<key>isa</key>
			<string>XCBuildConfiguration</string>
			<key>name</key>
			<string>Debug</string>
		</dict>
		<key>5A844C7619010AEC00F9F4B9</key>
		<dict>
			<key>baseConfigurationReference</key>
			<string>3D6B820006ED4A4B9C98C021</string>
			<key>buildSettings</key>
			<dict>
				<key>BUNDLE_LOADER</key>
				<string>$(BUILT_PRODUCTS_DIR)/TotalRecall.app/TotalRecall</string>
				<key>FRAMEWORK_SEARCH_PATHS</key>
				<array>
					<string>$(SDKROOT)/Developer/Library/Frameworks</string>
					<string>$(inherited)</string>
					<string>$(DEVELOPER_FRAMEWORKS_DIR)</string>
				</array>
				<key>GCC_PRECOMPILE_PREFIX_HEADER</key>
				<string>YES</string>
				<key>GCC_PREFIX_HEADER</key>
				<string>TotalRecall/TotalRecall-Prefix.pch</string>
				<key>INFOPLIST_FILE</key>
				<string>TotalRecallTests/TotalRecallTests-Info.plist</string>
				<key>PRODUCT_NAME</key>
				<string>$(TARGET_NAME)</string>
				<key>TEST_HOST</key>
				<string>$(BUNDLE_LOADER)</string>
				<key>WRAPPER_EXTENSION</key>
				<string>xctest</string>
			</dict>
			<key>isa</key>
			<string>XCBuildConfiguration</string>
			<key>name</key>
			<string>Release</string>
		</dict>
		<key>5A844C7719010C6500F9F4B9</key>
		<dict>
			<key>children</key>
			<array>
				<string>5A9E09D119012C98009B450A</string>
				<string>5A844C7819010C6500F9F4B9</string>
			</array>
			<key>isa</key>
			<string>PBXGroup</string>
			<key>path</key>
			<string>Views</string>
			<key>sourceTree</key>
			<string>&lt;group&gt;</string>
		</dict>
		<key>5A844C7819010C6500F9F4B9</key>
		<dict>
			<key>children</key>
			<array>
				<string>5A844C7919010C6500F9F4B9</string>
			</array>
			<key>isa</key>
			<string>PBXVariantGroup</string>
			<key>name</key>
			<string>Main.storyboard</string>
			<key>sourceTree</key>
			<string>&lt;group&gt;</string>
		</dict>
		<key>5A844C7919010C6500F9F4B9</key>
		<dict>
			<key>isa</key>
			<string>PBXFileReference</string>
			<key>lastKnownFileType</key>
			<string>file.storyboard</string>
			<key>name</key>
			<string>Base</string>
			<key>path</key>
			<string>Base.lproj/Main.storyboard</string>
			<key>sourceTree</key>
			<string>&lt;group&gt;</string>
		</dict>
		<key>5A844C7A19010C6500F9F4B9</key>
		<dict>
			<key>children</key>
			<array>
				<string>5A844C7B19010C6500F9F4B9</string>
				<string>5A844C7C19010C6500F9F4B9</string>
				<string>5A9E09D719019F87009B450A</string>
				<string>5A9E09D819019F87009B450A</string>
				<string>5A9E09EB190407E9009B450A</string>
				<string>5A9E09EC190407E9009B450A</string>
			</array>
			<key>isa</key>
			<string>PBXGroup</string>
			<key>path</key>
			<string>ViewControllers</string>
			<key>sourceTree</key>
			<string>&lt;group&gt;</string>
		</dict>
		<key>5A844C7B19010C6500F9F4B9</key>
		<dict>
			<key>fileEncoding</key>
			<string>4</string>
			<key>isa</key>
			<string>PBXFileReference</string>
			<key>lastKnownFileType</key>
			<string>sourcecode.c.h</string>
			<key>path</key>
			<string>TORIncidentsViewController.h</string>
			<key>sourceTree</key>
			<string>&lt;group&gt;</string>
		</dict>
		<key>5A844C7C19010C6500F9F4B9</key>
		<dict>
			<key>fileEncoding</key>
			<string>4</string>
			<key>isa</key>
			<string>PBXFileReference</string>
			<key>lastKnownFileType</key>
			<string>sourcecode.c.objc</string>
			<key>path</key>
			<string>TORIncidentsViewController.m</string>
			<key>sourceTree</key>
			<string>&lt;group&gt;</string>
		</dict>
		<key>5A844C7D19010C6500F9F4B9</key>
		<dict>
			<key>fileRef</key>
			<string>5A844C7819010C6500F9F4B9</string>
			<key>isa</key>
			<string>PBXBuildFile</string>
		</dict>
		<key>5A844C7E19010C6500F9F4B9</key>
		<dict>
			<key>fileRef</key>
			<string>5A844C7C19010C6500F9F4B9</string>
			<key>isa</key>
			<string>PBXBuildFile</string>
		</dict>
		<key>5A844C7F19010C8A00F9F4B9</key>
		<dict>
			<key>children</key>
			<array>
				<string>5A844C8019010C8A00F9F4B9</string>
				<string>5A9E09E01901ADA1009B450A</string>
			</array>
			<key>isa</key>
			<string>PBXGroup</string>
			<key>path</key>
			<string>Resources</string>
			<key>sourceTree</key>
			<string>&lt;group&gt;</string>
		</dict>
		<key>5A844C8019010C8A00F9F4B9</key>
		<dict>
			<key>isa</key>
			<string>PBXFileReference</string>
			<key>lastKnownFileType</key>
			<string>folder.assetcatalog</string>
			<key>path</key>
			<string>Images.xcassets</string>
			<key>sourceTree</key>
			<string>&lt;group&gt;</string>
		</dict>
		<key>5A844C8119010C8A00F9F4B9</key>
		<dict>
			<key>fileRef</key>
			<string>5A844C8019010C8A00F9F4B9</string>
			<key>isa</key>
			<string>PBXBuildFile</string>
		</dict>
		<key>5A844C821901174C00F9F4B9</key>
		<dict>
			<key>children</key>
			<array>
				<string>5A844C831901176300F9F4B9</string>
				<string>5A844C841901176300F9F4B9</string>
			</array>
			<key>isa</key>
			<string>PBXGroup</string>
			<key>path</key>
			<string>Models</string>
			<key>sourceTree</key>
			<string>&lt;group&gt;</string>
		</dict>
		<key>5A844C831901176300F9F4B9</key>
		<dict>
			<key>fileEncoding</key>
			<string>4</string>
			<key>isa</key>
			<string>PBXFileReference</string>
			<key>lastKnownFileType</key>
			<string>sourcecode.c.h</string>
			<key>path</key>
			<string>TORIncident.h</string>
			<key>sourceTree</key>
			<string>&lt;group&gt;</string>
		</dict>
		<key>5A844C841901176300F9F4B9</key>
		<dict>
			<key>fileEncoding</key>
			<string>4</string>
			<key>isa</key>
			<string>PBXFileReference</string>
			<key>lastKnownFileType</key>
			<string>sourcecode.c.objc</string>
			<key>path</key>
			<string>TORIncident.m</string>
			<key>sourceTree</key>
			<string>&lt;group&gt;</string>
		</dict>
		<key>5A844C851901176300F9F4B9</key>
		<dict>
			<key>fileRef</key>
			<string>5A844C841901176300F9F4B9</string>
			<key>isa</key>
			<string>PBXBuildFile</string>
		</dict>
		<key>5A9E09D119012C98009B450A</key>
		<dict>
			<key>children</key>
			<array>
				<string>5A9E09D219012CC6009B450A</string>
				<string>5A9E09D319012CC6009B450A</string>
				<string>5A9E09D519012D53009B450A</string>
			</array>
			<key>isa</key>
			<string>PBXGroup</string>
			<key>path</key>
			<string>Cells</string>
			<key>sourceTree</key>
			<string>&lt;group&gt;</string>
		</dict>
		<key>5A9E09D219012CC6009B450A</key>
		<dict>
			<key>fileEncoding</key>
			<string>4</string>
			<key>isa</key>
			<string>PBXFileReference</string>
			<key>lastKnownFileType</key>
			<string>sourcecode.c.h</string>
			<key>path</key>
			<string>TORIncidentCell.h</string>
			<key>sourceTree</key>
			<string>&lt;group&gt;</string>
		</dict>
		<key>5A9E09D319012CC6009B450A</key>
		<dict>
			<key>fileEncoding</key>
			<string>4</string>
			<key>isa</key>
			<string>PBXFileReference</string>
			<key>lastKnownFileType</key>
			<string>sourcecode.c.objc</string>
			<key>path</key>
			<string>TORIncidentCell.m</string>
			<key>sourceTree</key>
			<string>&lt;group&gt;</string>
		</dict>
		<key>5A9E09D419012CC6009B450A</key>
		<dict>
			<key>fileRef</key>
			<string>5A9E09D319012CC6009B450A</string>
			<key>isa</key>
			<string>PBXBuildFile</string>
		</dict>
		<key>5A9E09D519012D53009B450A</key>
		<dict>
			<key>fileEncoding</key>
			<string>4</string>
			<key>isa</key>
			<string>PBXFileReference</string>
			<key>lastKnownFileType</key>
			<string>file.xib</string>
			<key>path</key>
			<string>TORIncidentCell.xib</string>
			<key>sourceTree</key>
			<string>&lt;group&gt;</string>
		</dict>
		<key>5A9E09D619012D53009B450A</key>
		<dict>
			<key>fileRef</key>
			<string>5A9E09D519012D53009B450A</string>
			<key>isa</key>
			<string>PBXBuildFile</string>
		</dict>
		<key>5A9E09D719019F87009B450A</key>
		<dict>
			<key>fileEncoding</key>
			<string>4</string>
			<key>isa</key>
			<string>PBXFileReference</string>
			<key>lastKnownFileType</key>
			<string>sourcecode.c.h</string>
			<key>path</key>
			<string>TORIncidentViewController.h</string>
			<key>sourceTree</key>
			<string>&lt;group&gt;</string>
		</dict>
		<key>5A9E09D819019F87009B450A</key>
		<dict>
			<key>fileEncoding</key>
			<string>4</string>
			<key>isa</key>
			<string>PBXFileReference</string>
			<key>lastKnownFileType</key>
			<string>sourcecode.c.objc</string>
			<key>path</key>
			<string>TORIncidentViewController.m</string>
			<key>sourceTree</key>
			<string>&lt;group&gt;</string>
		</dict>
		<key>5A9E09D919019F87009B450A</key>
		<dict>
			<key>fileRef</key>
			<string>5A9E09D819019F87009B450A</string>
			<key>isa</key>
			<string>PBXBuildFile</string>
		</dict>
		<key>5A9E09DC1901AD94009B450A</key>
		<dict>
			<key>isa</key>
			<string>PBXFileReference</string>
			<key>lastKnownFileType</key>
			<string>text.plist.strings</string>
			<key>name</key>
			<string>da</string>
			<key>path</key>
			<string>da.lproj/InfoPlist.strings</string>
			<key>sourceTree</key>
			<string>&lt;group&gt;</string>
		</dict>
		<key>5A9E09DD1901AD94009B450A</key>
		<dict>
			<key>isa</key>
			<string>PBXFileReference</string>
			<key>lastKnownFileType</key>
			<string>text.plist.strings</string>
			<key>name</key>
			<string>da</string>
			<key>path</key>
			<string>da.lproj/InfoPlist.strings</string>
			<key>sourceTree</key>
			<string>&lt;group&gt;</string>
		</dict>
		<key>5A9E09DE1901ADA1009B450A</key>
		<dict>
			<key>fileRef</key>
			<string>5A9E09E01901ADA1009B450A</string>
			<key>isa</key>
			<string>PBXBuildFile</string>
		</dict>
		<key>5A9E09DF1901ADA1009B450A</key>
		<dict>
			<key>isa</key>
			<string>PBXFileReference</string>
			<key>lastKnownFileType</key>
			<string>text.plist.strings</string>
			<key>name</key>
			<string>da</string>
			<key>path</key>
			<string>da.lproj/Localizable.strings</string>
			<key>sourceTree</key>
			<string>&lt;group&gt;</string>
		</dict>
		<key>5A9E09E01901ADA1009B450A</key>
		<dict>
			<key>children</key>
			<array>
				<string>5A9E09DF1901ADA1009B450A</string>
				<string>5A9E09EE19040BA1009B450A</string>
			</array>
			<key>isa</key>
			<string>PBXVariantGroup</string>
			<key>name</key>
			<string>Localizable.strings</string>
			<key>sourceTree</key>
			<string>&lt;group&gt;</string>
		</dict>
		<key>5A9E09E41903F5F9009B450A</key>
		<dict>
			<key>children</key>
			<array>
				<string>5A9E09E51903F621009B450A</string>
				<string>5A9E09E61903F621009B450A</string>
				<string>5A9E09E8190400E1009B450A</string>
				<string>5A9E09E9190400E1009B450A</string>
			</array>
			<key>isa</key>
			<string>PBXGroup</string>
			<key>path</key>
			<string>ViewModels</string>
			<key>sourceTree</key>
			<string>&lt;group&gt;</string>
		</dict>
		<key>5A9E09E51903F621009B450A</key>
		<dict>
			<key>fileEncoding</key>
			<string>4</string>
			<key>isa</key>
			<string>PBXFileReference</string>
			<key>lastKnownFileType</key>
			<string>sourcecode.c.h</string>
			<key>path</key>
			<string>TORIncidentsViewModel.h</string>
			<key>sourceTree</key>
			<string>&lt;group&gt;</string>
		</dict>
		<key>5A9E09E61903F621009B450A</key>
		<dict>
			<key>fileEncoding</key>
			<string>4</string>
			<key>isa</key>
			<string>PBXFileReference</string>
			<key>lastKnownFileType</key>
			<string>sourcecode.c.objc</string>
			<key>path</key>
			<string>TORIncidentsViewModel.m</string>
			<key>sourceTree</key>
			<string>&lt;group&gt;</string>
		</dict>
		<key>5A9E09E71903F621009B450A</key>
		<dict>
			<key>fileRef</key>
			<string>5A9E09E61903F621009B450A</string>
			<key>isa</key>
			<string>PBXBuildFile</string>
		</dict>
		<key>5A9E09E8190400E1009B450A</key>
		<dict>
			<key>fileEncoding</key>
			<string>4</string>
			<key>isa</key>
			<string>PBXFileReference</string>
			<key>lastKnownFileType</key>
			<string>sourcecode.c.h</string>
			<key>path</key>
			<string>TORIncidentViewModel.h</string>
			<key>sourceTree</key>
			<string>&lt;group&gt;</string>
		</dict>
		<key>5A9E09E9190400E1009B450A</key>
		<dict>
			<key>fileEncoding</key>
			<string>4</string>
			<key>isa</key>
			<string>PBXFileReference</string>
			<key>lastKnownFileType</key>
			<string>sourcecode.c.objc</string>
			<key>path</key>
			<string>TORIncidentViewModel.m</string>
			<key>sourceTree</key>
			<string>&lt;group&gt;</string>
		</dict>
		<key>5A9E09EA190400E1009B450A</key>
		<dict>
			<key>fileRef</key>
			<string>5A9E09E9190400E1009B450A</string>
			<key>isa</key>
			<string>PBXBuildFile</string>
		</dict>
		<key>5A9E09EB190407E9009B450A</key>
		<dict>
			<key>fileEncoding</key>
			<string>4</string>
			<key>isa</key>
			<string>PBXFileReference</string>
			<key>lastKnownFileType</key>
			<string>sourcecode.c.h</string>
			<key>path</key>
			<string>TORAboutViewController.h</string>
			<key>sourceTree</key>
			<string>&lt;group&gt;</string>
		</dict>
		<key>5A9E09EC190407E9009B450A</key>
		<dict>
			<key>fileEncoding</key>
			<string>4</string>
			<key>isa</key>
			<string>PBXFileReference</string>
			<key>lastKnownFileType</key>
			<string>sourcecode.c.objc</string>
			<key>path</key>
			<string>TORAboutViewController.m</string>
			<key>sourceTree</key>
			<string>&lt;group&gt;</string>
		</dict>
		<key>5A9E09ED190407E9009B450A</key>
		<dict>
			<key>fileRef</key>
			<string>5A9E09EC190407E9009B450A</string>
			<key>isa</key>
			<string>PBXBuildFile</string>
		</dict>
		<key>5A9E09EE19040BA1009B450A</key>
		<dict>
			<key>isa</key>
			<string>PBXFileReference</string>
			<key>lastKnownFileType</key>
			<string>text.plist.strings</string>
			<key>name</key>
			<string>Base</string>
			<key>path</key>
			<string>Base.lproj/Localizable.strings</string>
			<key>sourceTree</key>
			<string>&lt;group&gt;</string>
		</dict>
		<key>5AFD5BB8190BA1CC0058B4DC</key>
		<dict>
			<key>isa</key>
			<string>PBXFileReference</string>
			<key>lastKnownFileType</key>
			<string>text.plist.strings</string>
			<key>name</key>
			<string>Base</string>
			<key>path</key>
			<string>Base.lproj/InfoPlist.strings</string>
			<key>sourceTree</key>
			<string>&lt;group&gt;</string>
		</dict>
		<key>A23D242623C84FF2B30502E5</key>
		<dict>
			<key>buildActionMask</key>
			<string>2147483647</string>
			<key>files</key>
			<array/>
			<key>inputPaths</key>
			<array/>
			<key>isa</key>
			<string>PBXShellScriptBuildPhase</string>
			<key>name</key>
			<string>Copy Pods Resources</string>
			<key>outputPaths</key>
			<array/>
			<key>runOnlyForDeploymentPostprocessing</key>
			<string>0</string>
			<key>shellPath</key>
			<string>/bin/sh</string>
			<key>shellScript</key>
			<string>"${SRCROOT}/Pods/Pods-TotalRecall-resources.sh"
</string>
			<key>showEnvVarsInLog</key>
			<string>0</string>
		</dict>
		<key>D3DBB760FAC84F52BC7BB90B</key>
		<dict>
			<key>explicitFileType</key>
			<string>archive.ar</string>
			<key>includeInIndex</key>
			<string>0</string>
			<key>isa</key>
			<string>PBXFileReference</string>
			<key>path</key>
			<string>libPods-TotalRecallTests.a</string>
			<key>sourceTree</key>
			<string>BUILT_PRODUCTS_DIR</string>
		</dict>
		<key>D4A86F021E4B4F3591CC85B1</key>
		<dict>
			<key>explicitFileType</key>
			<string>archive.ar</string>
			<key>includeInIndex</key>
			<string>0</string>
			<key>isa</key>
			<string>PBXFileReference</string>
			<key>path</key>
			<string>libPods-TotalRecall.a</string>
			<key>sourceTree</key>
			<string>BUILT_PRODUCTS_DIR</string>
		</dict>
		<key>DB9E5F7AF24B4934A35334BB</key>
		<dict>
			<key>includeInIndex</key>
			<string>1</string>
			<key>isa</key>
			<string>PBXFileReference</string>
			<key>lastKnownFileType</key>
			<string>text.xcconfig</string>
			<key>name</key>
			<string>Pods-TotalRecall.xcconfig</string>
			<key>path</key>
			<string>Pods/Pods-TotalRecall.xcconfig</string>
			<key>sourceTree</key>
			<string>&lt;group&gt;</string>
		</dict>
		<key>DFE60A53099548538DAC95B9</key>
		<dict>
			<key>buildActionMask</key>
			<string>2147483647</string>
			<key>files</key>
			<array/>
			<key>inputPaths</key>
			<array/>
			<key>isa</key>
			<string>PBXShellScriptBuildPhase</string>
			<key>name</key>
			<string>Check Pods Manifest.lock</string>
			<key>outputPaths</key>
			<array/>
			<key>runOnlyForDeploymentPostprocessing</key>
			<string>0</string>
			<key>shellPath</key>
			<string>/bin/sh</string>
			<key>shellScript</key>
			<string>diff "${PODS_ROOT}/../Podfile.lock" "${PODS_ROOT}/Manifest.lock" &gt; /dev/null
if [[ $? != 0 ]] ; then
    cat &lt;&lt; EOM
error: The sandbox is not in sync with the Podfile.lock. Run 'pod install' or update your CocoaPods installation.
EOM
    exit 1
fi
</string>
			<key>showEnvVarsInLog</key>
			<string>0</string>
		</dict>
		<key>E57D8144E1DA41BD856B6694</key>
		<dict>
			<key>fileRef</key>
			<string>D3DBB760FAC84F52BC7BB90B</string>
			<key>isa</key>
			<string>PBXBuildFile</string>
		</dict>
		<key>F1C213EF30024074A7B7AB01</key>
		<dict>
			<key>fileRef</key>
			<string>D4A86F021E4B4F3591CC85B1</string>
			<key>isa</key>
			<string>PBXBuildFile</string>
		</dict>
		<key>F7B4750DC3D94728BB6CF3D3</key>
		<dict>
			<key>includeInIndex</key>
			<string>1</string>
			<key>isa</key>
			<string>PBXFileReference</string>
			<key>lastKnownFileType</key>
			<string>text.xcconfig</string>
			<key>name</key>
			<string>Pods.xcconfig</string>
			<key>path</key>
			<string>Pods/Pods.xcconfig</string>
			<key>sourceTree</key>
			<string>&lt;group&gt;</string>
		</dict>
	</dict>
	<key>rootObject</key>
	<string>5A844C3719010AEC00F9F4B9</string>
</dict>
</plist>
