PODS:
  - Aspects (1.4.1)
  - Bolts (1.1.0)
  - Facebook-iOS-SDK (3.16):
    - Bolts
  - OCMock (3.0.2)
  - Parse (1.2.20):
    - Facebook-iOS-SDK (~> 3.11)
  - Parse+NSCoding (0.1.4):
    - Parse-iOS-SDK (~> 1.2.18)
  - Parse-iOS-SDK (1.2.19):
    - Facebook-iOS-SDK (~> 3.7)
  - ReactiveCocoa (2.3.1):
    - ReactiveCocoa/UI
  - ReactiveCocoa/Core (2.3.1):
    - ReactiveCocoa/no-arc
  - ReactiveCocoa/no-arc (2.3.1)
  - ReactiveCocoa/UI (2.3.1):
    - ReactiveCocoa/Core
  - ReactiveViewModel (0.2):
    - ReactiveCocoa (~> 2.1)
  - TUSafariActivity (1.0.0)
  - UIColor-HexString (1.1.0)

DEPENDENCIES:
  - Aspects
  - OCMock
  - Parse
  - Parse+NSCoding
  - ReactiveCocoa
  - ReactiveViewModel
  - TUSafariActivity
  - UIColor-HexString

SPEC CHECKSUMS:
  Aspects: a6368eba05295b24ffe0e9acfb9080cc3b0f4b5f
  Bolts: 91c2af8eae1d44e1dd75946a5b0ae04a43ea43e4
  Facebook-iOS-SDK: 82ad03cb9ce568855057e20a099054cf1e34ef12
  OCMock: b9836ab89d8d5e66cbe6333f93857037c310ee62
  Parse: 28c0dc54f30201a369d29a2f76c09fa43b2add16
  Parse+NSCoding: 2d7fd08777c8df10aaa667c02382878c98128a88
  Parse-iOS-SDK: 5e1f7e649a02f1cc19e73cc95bd43d7778848314
  ReactiveCocoa: dca75777b9d18990c8714a3a6f2149f29b4d1462
  ReactiveViewModel: 78387196df2e7535bb2776c41df15dbb17300f8a
  TUSafariActivity: afff9b1d2eacf7cbace752c5f2bf56db852714de
  UIColor-HexString: a9eabf02c1a2f9036ed6ac9cb2a3ea086f3b39e4

COCOAPODS: 0.33.1
