PODS:
  - Aspects (1.4.1)
  - Bolts (1.1.3)
  - Facebook-iOS-SDK (3.20.0):
    - Bolts (~> 1.0)
  - OCMock (3.1.1)
  - Parse (1.5.0):
    - Bolts (~> 1.1.3)
  - Parse+NSCoding (0.1.4):
    - Parse-iOS-SDK (~> 1.2.18)
  - Parse-iOS-SDK (1.2.21):
    - Bolts
    - Facebook-iOS-SDK (~> 3.7)
  - ReactiveCocoa (2.3.1):
    - ReactiveCocoa/UI
  - ReactiveCocoa/Core (2.3.1):
    - ReactiveCocoa/no-arc
  - ReactiveCocoa/no-arc (2.3.1)
  - ReactiveCocoa/UI (2.3.1):
    - ReactiveCocoa/Core
  - ReactiveViewModel (0.2):
    - ReactiveCocoa (~> 2.1)
  - TUSafariActivity (1.0.2)
  - UIColor-HexString (1.1.0)

DEPENDENCIES:
  - Aspects
  - OCMock
  - Parse
  - Parse+NSCoding
  - ReactiveCocoa
  - ReactiveViewModel
  - TUSafariActivity
  - UIColor-HexString

SPEC CHECKSUMS:
  Aspects: a6368eba05295b24ffe0e9acfb9080cc3b0f4b5f
  Bolts: 3db0a875235e0c9042b013af13af0f00f79b102c
  Facebook-iOS-SDK: 5854404b4b651f612a8ef79ca06d766858f4cb8e
  OCMock: f6cb8c162ab9d5620dddf411282c7b2c0ee78854
  Parse: 7de25b6f70f0b233e5d25835f62eabfa91e4f9d7
  Parse+NSCoding: 2d7fd08777c8df10aaa667c02382878c98128a88
  Parse-iOS-SDK: 3781eeb56fa6b30d4feee97ee0d22595c07d6c70
  ReactiveCocoa: dca75777b9d18990c8714a3a6f2149f29b4d1462
  ReactiveViewModel: 78387196df2e7535bb2776c41df15dbb17300f8a
  TUSafariActivity: 63c6b0584d1f0a731e955c0e4d9c89cde63bedc2
  UIColor-HexString: a9eabf02c1a2f9036ed6ac9cb2a3ea086f3b39e4

COCOAPODS: 0.34.4
